// !$*UTF8*$!
{
	archiveVersion = 1;
	classes = {
	};
	objectVersion = 46;
	objects = {

/* Begin PBXBuildFile section */
		13AECF7624D6E759944FB383 /* libPods-Crocus.a in Frameworks */ = {isa = PBXBuildFile; fileRef = CE9E387D4E48B7A8C8EC21A6 /* libPods-Crocus.a */; };
		82CDD0483619FDB1FD7E2CBD /* CREntities.m in Sources */ = {isa = PBXBuildFile; fileRef = 82CDDCF4EC24F0CEF41016ED /* CREntities.m */; };
		82CDD12A370487EA463E0169 /* CRTimeLineSpreadCell.m in Sources */ = {isa = PBXBuildFile; fileRef = 82CDD4BA60D8B7B26D04B4BF /* CRTimeLineSpreadCell.m */; };
		82CDD195BBC65326778D0134 /* CRStatus.m in Sources */ = {isa = PBXBuildFile; fileRef = 82CDD1506298447CEBF2CD33 /* CRStatus.m */; };
		82CDD238F3F4F4817750DED2 /* CRFavorite.m in Sources */ = {isa = PBXBuildFile; fileRef = 82CDD587DCE7BCD27361F5AB /* CRFavorite.m */; };
		82CDD321CA4F11515B5D7DF1 /* CRLoadingCell.m in Sources */ = {isa = PBXBuildFile; fileRef = 82CDD816A1053D69C511AB64 /* CRLoadingCell.m */; };
		82CDD37B0E0B17915E8D6710 /* CRTimeLineController.m in Sources */ = {isa = PBXBuildFile; fileRef = 82CDD65CBC3D0FA65FD7FB23 /* CRTimeLineController.m */; };
		82CDD3C40F45F20FE450929F /* CRTimeLineViewController.m in Sources */ = {isa = PBXBuildFile; fileRef = 82CDD022DA7BDE6411E21E68 /* CRTimeLineViewController.m */; };
		82CDD3CDCE7D21234B6FE605 /* CRUpdateProtected.m in Sources */ = {isa = PBXBuildFile; fileRef = 82CDDAB7A5EF90D65BE0F858 /* CRUpdateProtected.m */; };
		82CDD42826C7D4AB39FD1F08 /* CRFavoriteTimeLineService.m in Sources */ = {isa = PBXBuildFile; fileRef = 82CDDEC8998049C3B80A660E /* CRFavoriteTimeLineService.m */; };
		82CDD4EFA3C3C5B335226C9C /* CRMutesCreate.m in Sources */ = {isa = PBXBuildFile; fileRef = 82CDD8C7C12B4276837A3F85 /* CRMutesCreate.m */; };
		82CDD5429862FC1309951023 /* CRTimeLineService.m in Sources */ = {isa = PBXBuildFile; fileRef = 82CDDF31E57138AAC5C0E7CE /* CRTimeLineService.m */; };
		82CDD579251223889B8212E4 /* CRTimeLineBaseViewController.m in Sources */ = {isa = PBXBuildFile; fileRef = 82CDD05A7E671C8269F7DACD /* CRTimeLineBaseViewController.m */; };
		82CDD5CFF2DF56EAB66D9626 /* CRService.m in Sources */ = {isa = PBXBuildFile; fileRef = 82CDD700E7B1287349779C91 /* CRService.m */; };
		82CDD617C9A887A316CC77F8 /* CRConfigViewController.m in Sources */ = {isa = PBXBuildFile; fileRef = 82CDD4436135A4E5323EDCF0 /* CRConfigViewController.m */; };
		82CDD6963059C0F60EAE163D /* CRHomeTimeLineService.m in Sources */ = {isa = PBXBuildFile; fileRef = 82CDDE0F897B87A3725EBA43 /* CRHomeTimeLineService.m */; };
		82CDD6A53650F89BF2291FCF /* CRUserInfoService.m in Sources */ = {isa = PBXBuildFile; fileRef = 82CDDF0B4983CAD0E016EFD9 /* CRUserInfoService.m */; };
		82CDD6BCA78BCD749E976088 /* CRAdsTimeLineBaseCell.m in Sources */ = {isa = PBXBuildFile; fileRef = 82CDDB9C6FB4762A045FC8FD /* CRAdsTimeLineBaseCell.m */; };
		82CDD6C726E9F5F1BB7BB802 /* CRProfileService.m in Sources */ = {isa = PBXBuildFile; fileRef = 82CDD537474FA78C9846EF39 /* CRProfileService.m */; };
		82CDD6D7FFDFD335D1B73BF3 /* CRLicenseViewController.m in Sources */ = {isa = PBXBuildFile; fileRef = 82CDD4B5E019F97A9C6E0907 /* CRLicenseViewController.m */; };
		82CDD8094C313A66C452F365 /* CRMutesDestroy.m in Sources */ = {isa = PBXBuildFile; fileRef = 82CDD0440872EE75C05B1687 /* CRMutesDestroy.m */; };
		82CDD85843720012B95D6400 /* CRMentionTimeLineService.m in Sources */ = {isa = PBXBuildFile; fileRef = 82CDDC6CB2EF35D142CCF081 /* CRMentionTimeLineService.m */; };
		82CDD9439CCC56568C46CED5 /* CRMentionTimeLineViewController.m in Sources */ = {isa = PBXBuildFile; fileRef = 82CDD218D98E2FE19FBA28F0 /* CRMentionTimeLineViewController.m */; };
		82CDD9699A84F1687F9A4A4B /* CRStatusDetailViewController.m in Sources */ = {isa = PBXBuildFile; fileRef = 82CDDECC9BC401CB4AE96494 /* CRStatusDetailViewController.m */; };
		82CDD9AB91C06F79CC11CD24 /* CRTimeLineBaseCell.m in Sources */ = {isa = PBXBuildFile; fileRef = 82CDDA234DF4C1B51066967A /* CRTimeLineBaseCell.m */; };
		82CDDA65A6D413969ACED403 /* CRUpdateTimerSec.m in Sources */ = {isa = PBXBuildFile; fileRef = 82CDD12E7862E595FB5F0D76 /* CRUpdateTimerSec.m */; };
		82CDDAC914DF8CA690F8DFF2 /* CRTimeLineImageSpreadCell.m in Sources */ = {isa = PBXBuildFile; fileRef = 82CDD3CC95EFD4E0283CE034 /* CRTimeLineImageSpreadCell.m */; };
		82CDDAEE61972C362A0A7855 /* CRPageViewController.m in Sources */ = {isa = PBXBuildFile; fileRef = 82CDD00BEE0A2A0D7A5701FC /* CRPageViewController.m */; };
		82CDDB04ABB352A406FA7510 /* CRSource.m in Sources */ = {isa = PBXBuildFile; fileRef = 82CDDDF90F60958629323DE3 /* CRSource.m */; };
		82CDDB152A0F74F093191B07 /* CRStatusUpdateViewController.m in Sources */ = {isa = PBXBuildFile; fileRef = 82CDD6DAA6BD17FB6E03E254 /* CRStatusUpdateViewController.m */; };
		82CDDB467A52C713B35F337C /* CRHomeTimeLineViewController.m in Sources */ = {isa = PBXBuildFile; fileRef = 82CDD3AD81E4EB6C24E5E6D4 /* CRHomeTimeLineViewController.m */; };
		82CDDBCA9B2EC60F6A04C12F /* CRStatusService.m in Sources */ = {isa = PBXBuildFile; fileRef = 82CDD3C95B9C9E22F930A06C /* CRStatusService.m */; };
		82CDDC28F1B51F12687135FC /* CRFavouriteTimeLineViewController.m in Sources */ = {isa = PBXBuildFile; fileRef = 82CDDA7813CA771B8CF26081 /* CRFavouriteTimeLineViewController.m */; };
		82CDDC5E378E9F7A8F49B663 /* CRProfileViewController.m in Sources */ = {isa = PBXBuildFile; fileRef = 82CDDFA909F8FC430E802133 /* CRProfileViewController.m */; };
		82CDDD3D90BCCC5A7501E2EA /* Localizable.strings in Resources */ = {isa = PBXBuildFile; fileRef = 82CDD32CE6B0B933816EA019 /* Localizable.strings */; };
		82CDDEB88DD66EED4FCD3DAA /* CRTimeLineImageCell.m in Sources */ = {isa = PBXBuildFile; fileRef = 82CDDDD7C345CBE3A79CE2A8 /* CRTimeLineImageCell.m */; };
		82CDDEEA5BC66F3E6D524E81 /* CRUser.m in Sources */ = {isa = PBXBuildFile; fileRef = 82CDD1C9BE4385E3FF8FCD23 /* CRUser.m */; };
		890BCFCF1AB07A130055D96E /* Crashlytics.framework in Frameworks */ = {isa = PBXBuildFile; fileRef = 890BCFCD1AB07A130055D96E /* Crashlytics.framework */; };
		890BCFD01AB07A130055D96E /* Fabric.framework in Frameworks */ = {isa = PBXBuildFile; fileRef = 890BCFCE1AB07A130055D96E /* Fabric.framework */; };
		8924CA3B1B7DD4CB006010BF /* AdobeCreativeSDKImageResources.bundle in Resources */ = {isa = PBXBuildFile; fileRef = 8924CA3A1B7DD4CB006010BF /* AdobeCreativeSDKImageResources.bundle */; };
		8924CA3D1B7DD4D7006010BF /* AdobeCreativeSDKCoreResources.bundle in Resources */ = {isa = PBXBuildFile; fileRef = 8924CA3C1B7DD4D7006010BF /* AdobeCreativeSDKCoreResources.bundle */; };
		8924CA401B7DD4EC006010BF /* AdobeCreativeSDKCore.framework in Frameworks */ = {isa = PBXBuildFile; fileRef = 8924CA3E1B7DD4EC006010BF /* AdobeCreativeSDKCore.framework */; };
		8924CA411B7DD4EC006010BF /* AdobeCreativeSDKImage.framework in Frameworks */ = {isa = PBXBuildFile; fileRef = 8924CA3F1B7DD4EC006010BF /* AdobeCreativeSDKImage.framework */; };
		894029F11AB5D60A0035C35E /* AssetsLibrary.framework in Frameworks */ = {isa = PBXBuildFile; fileRef = 894029F01AB5D60A0035C35E /* AssetsLibrary.framework */; };
		8967A8F11A52F25000FDB716 /* OAuth.storyboard in Resources */ = {isa = PBXBuildFile; fileRef = 8967A8F01A52F25000FDB716 /* OAuth.storyboard */; };
		896AB8371B701E9700D68CBE /* Accelerate.framework in Frameworks */ = {isa = PBXBuildFile; fileRef = 896AB8361B701E9700D68CBE /* Accelerate.framework */; };
		896AB8391B701EA000D68CBE /* CoreData.framework in Frameworks */ = {isa = PBXBuildFile; fileRef = 896AB8381B701EA000D68CBE /* CoreData.framework */; };
		896AB83D1B701EE300D68CBE /* libsqlite3.dylib in Frameworks */ = {isa = PBXBuildFile; fileRef = 896AB83C1B701EE300D68CBE /* libsqlite3.dylib */; };
		896AB83F1B701EF000D68CBE /* libz.1.2.5.dylib in Frameworks */ = {isa = PBXBuildFile; fileRef = 896AB83E1B701EF000D68CBE /* libz.1.2.5.dylib */; };
		896AB8411B701EFE00D68CBE /* Foundation.framework in Frameworks */ = {isa = PBXBuildFile; fileRef = 896AB8401B701EFE00D68CBE /* Foundation.framework */; };
		896AB8431B701F0A00D68CBE /* MessageUI.framework in Frameworks */ = {isa = PBXBuildFile; fileRef = 896AB8421B701F0A00D68CBE /* MessageUI.framework */; };
		896AB8451B701F1600D68CBE /* OpenGLES.framework in Frameworks */ = {isa = PBXBuildFile; fileRef = 896AB8441B701F1600D68CBE /* OpenGLES.framework */; };
		896AB8471B701F2100D68CBE /* QuartzCore.framework in Frameworks */ = {isa = PBXBuildFile; fileRef = 896AB8461B701F2100D68CBE /* QuartzCore.framework */; };
		896AB8491B701F2A00D68CBE /* StoreKit.framework in Frameworks */ = {isa = PBXBuildFile; fileRef = 896AB8481B701F2A00D68CBE /* StoreKit.framework */; };
		896AB84B1B701F3800D68CBE /* MobileCoreServices.framework in Frameworks */ = {isa = PBXBuildFile; fileRef = 896AB84A1B701F3800D68CBE /* MobileCoreServices.framework */; };
		896AB84D1B701F4800D68CBE /* libc++.dylib in Frameworks */ = {isa = PBXBuildFile; fileRef = 896AB84C1B701F4800D68CBE /* libc++.dylib */; };
		896AB8511B70251200D68CBE /* UIKit.framework in Frameworks */ = {isa = PBXBuildFile; fileRef = 896AB8501B70251200D68CBE /* UIKit.framework */; };
		897BC4841A68264B00964A68 /* StatusUpdateView5.xib in Resources */ = {isa = PBXBuildFile; fileRef = 897BC4831A68264B00964A68 /* StatusUpdateView5.xib */; };
		8983A4691A655DEE00607BEC /* ProfileView.xib in Resources */ = {isa = PBXBuildFile; fileRef = 8983A4681A655DEE00607BEC /* ProfileView.xib */; };
		89A914981A5950A400353993 /* TimeLineSpreadCell.xib in Resources */ = {isa = PBXBuildFile; fileRef = 89A914971A5950A400353993 /* TimeLineSpreadCell.xib */; };
		89A9149A1A59BD8A00353993 /* LoadingCell.xib in Resources */ = {isa = PBXBuildFile; fileRef = 89A914991A59BD8A00353993 /* LoadingCell.xib */; };
		89A9149C1A5D792600353993 /* TimeLineImageCell.xib in Resources */ = {isa = PBXBuildFile; fileRef = 89A9149B1A5D792600353993 /* TimeLineImageCell.xib */; };
		89A9149E1A5D825F00353993 /* TimeLineImageSpreadCell.xib in Resources */ = {isa = PBXBuildFile; fileRef = 89A9149D1A5D825F00353993 /* TimeLineImageSpreadCell.xib */; };
		89A914A01A62B90400353993 /* StatusUpdateView.xib in Resources */ = {isa = PBXBuildFile; fileRef = 89A9149F1A62B90400353993 /* StatusUpdateView.xib */; };
		89A914A21A63CDC900353993 /* StatusUpdateView4s.xib in Resources */ = {isa = PBXBuildFile; fileRef = 89A914A11A63CDC800353993 /* StatusUpdateView4s.xib */; };
		89A914A51A63ECD900353993 /* CRUIImage+rotation.m in Sources */ = {isa = PBXBuildFile; fileRef = 89A914A31A63ECD900353993 /* CRUIImage+rotation.m */; };
		89CB2FBA1A63F35E0066F0CF /* StatusDetailView.xib in Resources */ = {isa = PBXBuildFile; fileRef = 89CB2FB91A63F35E0066F0CF /* StatusDetailView.xib */; };
		89CB99431A6A8F53009AD3B9 /* AdsTimeLineBaseCell.xib in Resources */ = {isa = PBXBuildFile; fileRef = 89CB99421A6A8F53009AD3B9 /* AdsTimeLineBaseCell.xib */; };
		89CC2AD31A5E50C900D1B266 /* TimeLineReplyBaseCell.xib in Resources */ = {isa = PBXBuildFile; fileRef = 89CC2AD21A5E50C900D1B266 /* TimeLineReplyBaseCell.xib */; };
		89CC2AD51A5E520E00D1B266 /* TimeLineReplyImageCell.xib in Resources */ = {isa = PBXBuildFile; fileRef = 89CC2AD41A5E520E00D1B266 /* TimeLineReplyImageCell.xib */; };
		89CC2AD71A5E767C00D1B266 /* TimeLineController.xib in Resources */ = {isa = PBXBuildFile; fileRef = 89CC2AD61A5E767C00D1B266 /* TimeLineController.xib */; };
		89DE9E571A4A558800654D3E /* CRAPIRequest.m in Sources */ = {isa = PBXBuildFile; fileRef = 89DE9E1E1A4A558800654D3E /* CRAPIRequest.m */; };
		89DE9E581A4A558800654D3E /* CRFavoritesCreate.m in Sources */ = {isa = PBXBuildFile; fileRef = 89DE9E201A4A558800654D3E /* CRFavoritesCreate.m */; };
		89DE9E591A4A558800654D3E /* CRFollowersList.m in Sources */ = {isa = PBXBuildFile; fileRef = 89DE9E221A4A558800654D3E /* CRFollowersList.m */; };
		89DE9E5A1A4A558800654D3E /* CRFriendShipsCreate.m in Sources */ = {isa = PBXBuildFile; fileRef = 89DE9E241A4A558800654D3E /* CRFriendShipsCreate.m */; };
		89DE9E5B1A4A558800654D3E /* CRFriendshipsDestroy.m in Sources */ = {isa = PBXBuildFile; fileRef = 89DE9E261A4A558800654D3E /* CRFriendshipsDestroy.m */; };
		89DE9E5C1A4A558800654D3E /* CRFriendsList.m in Sources */ = {isa = PBXBuildFile; fileRef = 89DE9E281A4A558800654D3E /* CRFriendsList.m */; };
		89DE9E5D1A4A558800654D3E /* CRHomeTimeLine.m in Sources */ = {isa = PBXBuildFile; fileRef = 89DE9E2A1A4A558800654D3E /* CRHomeTimeLine.m */; };
		89DE9E5E1A4A558800654D3E /* CRIdShow.m in Sources */ = {isa = PBXBuildFile; fileRef = 89DE9E2C1A4A558800654D3E /* CRIdShow.m */; };
		89DE9E5F1A4A558800654D3E /* CRMentions.m in Sources */ = {isa = PBXBuildFile; fileRef = 89DE9E2E1A4A558800654D3E /* CRMentions.m */; };
		89DE9E601A4A558800654D3E /* CRPublicTimeLine.m in Sources */ = {isa = PBXBuildFile; fileRef = 89DE9E301A4A558800654D3E /* CRPublicTimeLine.m */; };
		89DE9E611A4A558800654D3E /* CRSearchVoices.m in Sources */ = {isa = PBXBuildFile; fileRef = 89DE9E321A4A558800654D3E /* CRSearchVoices.m */; };
		89DE9E621A4A558800654D3E /* CRShow.m in Sources */ = {isa = PBXBuildFile; fileRef = 89DE9E341A4A558800654D3E /* CRShow.m */; };
		89DE9E631A4A558800654D3E /* CRSpread.m in Sources */ = {isa = PBXBuildFile; fileRef = 89DE9E361A4A558800654D3E /* CRSpread.m */; };
		89DE9E641A4A558800654D3E /* CRStatusesDestroy.m in Sources */ = {isa = PBXBuildFile; fileRef = 89DE9E381A4A558800654D3E /* CRStatusesDestroy.m */; };
		89DE9E651A4A558800654D3E /* CRTimeLine.m in Sources */ = {isa = PBXBuildFile; fileRef = 89DE9E3A1A4A558800654D3E /* CRTimeLine.m */; };
		89DE9E661A4A558800654D3E /* CRUpdate.m in Sources */ = {isa = PBXBuildFile; fileRef = 89DE9E3C1A4A558800654D3E /* CRUpdate.m */; };
		89DE9E671A4A558800654D3E /* CRUpdateProfile.m in Sources */ = {isa = PBXBuildFile; fileRef = 89DE9E3E1A4A558800654D3E /* CRUpdateProfile.m */; };
		89DE9E681A4A558800654D3E /* CRUpdateProfileImage.m in Sources */ = {isa = PBXBuildFile; fileRef = 89DE9E401A4A558800654D3E /* CRUpdateProfileImage.m */; };
		89DE9E691A4A558800654D3E /* CRUpdateWithMedia.m in Sources */ = {isa = PBXBuildFile; fileRef = 89DE9E421A4A558800654D3E /* CRUpdateWithMedia.m */; };
		89DE9E6A1A4A558800654D3E /* CRUsersShow.m in Sources */ = {isa = PBXBuildFile; fileRef = 89DE9E441A4A558800654D3E /* CRUsersShow.m */; };
		89DE9E6B1A4A558800654D3E /* CRUserTimeLine.m in Sources */ = {isa = PBXBuildFile; fileRef = 89DE9E461A4A558800654D3E /* CRUserTimeLine.m */; };
		89DE9E6C1A4A558800654D3E /* CRVerifyCredentials.m in Sources */ = {isa = PBXBuildFile; fileRef = 89DE9E481A4A558800654D3E /* CRVerifyCredentials.m */; };
		89DE9E6D1A4A558800654D3E /* CRMute.m in Sources */ = {isa = PBXBuildFile; fileRef = 89DE9E4A1A4A558800654D3E /* CRMute.m */; };
		89DE9E6E1A4A558800654D3E /* CRHTTPLoader.m in Sources */ = {isa = PBXBuildFile; fileRef = 89DE9E4D1A4A558800654D3E /* CRHTTPLoader.m */; };
		89DE9E6F1A4A558800654D3E /* CRHTTPLoaderOperation.m in Sources */ = {isa = PBXBuildFile; fileRef = 89DE9E4F1A4A558800654D3E /* CRHTTPLoaderOperation.m */; };
		89DE9E701A4A558800654D3E /* NSDictionary+CRURLParams.m in Sources */ = {isa = PBXBuildFile; fileRef = 89DE9E511A4A558800654D3E /* NSDictionary+CRURLParams.m */; };
		89DE9E711A4A558800654D3E /* CROAuth.m in Sources */ = {isa = PBXBuildFile; fileRef = 89DE9E541A4A558800654D3E /* CROAuth.m */; };
		89DE9E721A4A558800654D3E /* CROAuthParams.m in Sources */ = {isa = PBXBuildFile; fileRef = 89DE9E561A4A558800654D3E /* CROAuthParams.m */; };
		89E6A3F11AF4BA82008D3184 /* AudioToolbox.framework in Frameworks */ = {isa = PBXBuildFile; fileRef = 89E6A3F01AF4BA82008D3184 /* AudioToolbox.framework */; };
		89F931B31A56CF8E009CD6E9 /* TimeLineBaseCell.xib in Resources */ = {isa = PBXBuildFile; fileRef = 89F931B21A56CF8E009CD6E9 /* TimeLineBaseCell.xib */; };
		89FA165D1A47B53B00271FBB /* main.m in Sources */ = {isa = PBXBuildFile; fileRef = 89FA165C1A47B53B00271FBB /* main.m */; };
		89FA16601A47B53B00271FBB /* AppDelegate.m in Sources */ = {isa = PBXBuildFile; fileRef = 89FA165F1A47B53B00271FBB /* AppDelegate.m */; };
		89FA16631A47B53B00271FBB /* ViewController.m in Sources */ = {isa = PBXBuildFile; fileRef = 89FA16621A47B53B00271FBB /* ViewController.m */; };
		89FA16661A47B53B00271FBB /* Main.storyboard in Resources */ = {isa = PBXBuildFile; fileRef = 89FA16641A47B53B00271FBB /* Main.storyboard */; };
		89FA16681A47B53B00271FBB /* Images.xcassets in Resources */ = {isa = PBXBuildFile; fileRef = 89FA16671A47B53B00271FBB /* Images.xcassets */; };
		89FA166B1A47B53B00271FBB /* LaunchScreen.xib in Resources */ = {isa = PBXBuildFile; fileRef = 89FA16691A47B53B00271FBB /* LaunchScreen.xib */; };
		89FA16771A47B53B00271FBB /* CrocusTests.m in Sources */ = {isa = PBXBuildFile; fileRef = 89FA16761A47B53B00271FBB /* CrocusTests.m */; };
		89FB841A1A6ABE46009D4573 /* AdSupport.framework in Frameworks */ = {isa = PBXBuildFile; fileRef = 89FB84191A6ABE46009D4573 /* AdSupport.framework */; };
		89FB841C1A6ABE4D009D4573 /* Security.framework in Frameworks */ = {isa = PBXBuildFile; fileRef = 89FB841B1A6ABE4D009D4573 /* Security.framework */; };
		89FB841E1A6ABE57009D4573 /* ImageIO.framework in Frameworks */ = {isa = PBXBuildFile; fileRef = 89FB841D1A6ABE57009D4573 /* ImageIO.framework */; };
/* End PBXBuildFile section */

/* Begin PBXContainerItemProxy section */
		89FA16711A47B53B00271FBB /* PBXContainerItemProxy */ = {
			isa = PBXContainerItemProxy;
			containerPortal = 89FA164F1A47B53B00271FBB /* Project object */;
			proxyType = 1;
			remoteGlobalIDString = 89FA16561A47B53B00271FBB;
			remoteInfo = Crocus;
		};
/* End PBXContainerItemProxy section */

/* Begin PBXFileReference section */
		139D21D2F31D4DE4E7D7E029 /* Pods-Crocus.debug.xcconfig */ = {isa = PBXFileReference; includeInIndex = 1; lastKnownFileType = text.xcconfig; name = "Pods-Crocus.debug.xcconfig"; path = "Pods/Target Support Files/Pods-Crocus/Pods-Crocus.debug.xcconfig"; sourceTree = "<group>"; };
		82CDD00BEE0A2A0D7A5701FC /* CRPageViewController.m */ = {isa = PBXFileReference; fileEncoding = 4; lastKnownFileType = sourcecode.c.objc; path = CRPageViewController.m; sourceTree = "<group>"; };
		82CDD022DA7BDE6411E21E68 /* CRTimeLineViewController.m */ = {isa = PBXFileReference; fileEncoding = 4; lastKnownFileType = sourcecode.c.objc; path = CRTimeLineViewController.m; sourceTree = "<group>"; };
		82CDD0440872EE75C05B1687 /* CRMutesDestroy.m */ = {isa = PBXFileReference; fileEncoding = 4; lastKnownFileType = sourcecode.c.objc; path = CRMutesDestroy.m; sourceTree = "<group>"; };
		82CDD05A7E671C8269F7DACD /* CRTimeLineBaseViewController.m */ = {isa = PBXFileReference; fileEncoding = 4; lastKnownFileType = sourcecode.c.objc; path = CRTimeLineBaseViewController.m; sourceTree = "<group>"; };
		82CDD1161E0D2573A6C031DF /* CRTimeLineController.h */ = {isa = PBXFileReference; fileEncoding = 4; lastKnownFileType = sourcecode.c.h; path = CRTimeLineController.h; sourceTree = "<group>"; };
		82CDD12E7862E595FB5F0D76 /* CRUpdateTimerSec.m */ = {isa = PBXFileReference; fileEncoding = 4; lastKnownFileType = sourcecode.c.objc; path = CRUpdateTimerSec.m; sourceTree = "<group>"; };
		82CDD12EC63D99BBE169885B /* CRStatusUpdateViewController.h */ = {isa = PBXFileReference; fileEncoding = 4; lastKnownFileType = sourcecode.c.h; path = CRStatusUpdateViewController.h; sourceTree = "<group>"; };
		82CDD1506298447CEBF2CD33 /* CRStatus.m */ = {isa = PBXFileReference; fileEncoding = 4; lastKnownFileType = sourcecode.c.objc; path = CRStatus.m; sourceTree = "<group>"; };
		82CDD1957C496D9F167794BA /* CRUserInfoService.h */ = {isa = PBXFileReference; fileEncoding = 4; lastKnownFileType = sourcecode.c.h; path = CRUserInfoService.h; sourceTree = "<group>"; };
		82CDD1B7E4B051D66EA2B358 /* CRService.h */ = {isa = PBXFileReference; fileEncoding = 4; lastKnownFileType = sourcecode.c.h; path = CRService.h; sourceTree = "<group>"; };
		82CDD1C9BE4385E3FF8FCD23 /* CRUser.m */ = {isa = PBXFileReference; fileEncoding = 4; lastKnownFileType = sourcecode.c.objc; path = CRUser.m; sourceTree = "<group>"; };
		82CDD218D98E2FE19FBA28F0 /* CRMentionTimeLineViewController.m */ = {isa = PBXFileReference; fileEncoding = 4; lastKnownFileType = sourcecode.c.objc; path = CRMentionTimeLineViewController.m; sourceTree = "<group>"; };
		82CDD22DA712180C656B8900 /* CRUpdateTimerSec.h */ = {isa = PBXFileReference; fileEncoding = 4; lastKnownFileType = sourcecode.c.h; path = CRUpdateTimerSec.h; sourceTree = "<group>"; };
		82CDD2E5D4AA55BCD1C5E6F6 /* CRLoadingCell.h */ = {isa = PBXFileReference; fileEncoding = 4; lastKnownFileType = sourcecode.c.h; path = CRLoadingCell.h; sourceTree = "<group>"; };
		82CDD32CE6B0B933816EA019 /* Localizable.strings */ = {isa = PBXFileReference; fileEncoding = 4; lastKnownFileType = text.plist.strings; name = Localizable.strings; path = Croudia/API/Localizable.strings; sourceTree = "<group>"; };
		82CDD363F80AF6457B0DAEF6 /* CRMutesCreate.h */ = {isa = PBXFileReference; fileEncoding = 4; lastKnownFileType = sourcecode.c.h; path = CRMutesCreate.h; sourceTree = "<group>"; };
		82CDD39D3D9BC8D164291584 /* CRFavorite.h */ = {isa = PBXFileReference; fileEncoding = 4; lastKnownFileType = sourcecode.c.h; path = CRFavorite.h; sourceTree = "<group>"; };
		82CDD3AD81E4EB6C24E5E6D4 /* CRHomeTimeLineViewController.m */ = {isa = PBXFileReference; fileEncoding = 4; lastKnownFileType = sourcecode.c.objc; path = CRHomeTimeLineViewController.m; sourceTree = "<group>"; };
		82CDD3C95B9C9E22F930A06C /* CRStatusService.m */ = {isa = PBXFileReference; fileEncoding = 4; lastKnownFileType = sourcecode.c.objc; path = CRStatusService.m; sourceTree = "<group>"; };
		82CDD3CC95EFD4E0283CE034 /* CRTimeLineImageSpreadCell.m */ = {isa = PBXFileReference; fileEncoding = 4; lastKnownFileType = sourcecode.c.objc; path = CRTimeLineImageSpreadCell.m; sourceTree = "<group>"; };
		82CDD3DA95C997F0D78DBB61 /* CRProfileService.h */ = {isa = PBXFileReference; fileEncoding = 4; lastKnownFileType = sourcecode.c.h; path = CRProfileService.h; sourceTree = "<group>"; };
		82CDD4436135A4E5323EDCF0 /* CRConfigViewController.m */ = {isa = PBXFileReference; fileEncoding = 4; lastKnownFileType = sourcecode.c.objc; path = CRConfigViewController.m; sourceTree = "<group>"; };
		82CDD454E9D2A5A041AC7D23 /* CRTimeLineImageCell.h */ = {isa = PBXFileReference; fileEncoding = 4; lastKnownFileType = sourcecode.c.h; path = CRTimeLineImageCell.h; sourceTree = "<group>"; };
		82CDD4B5E019F97A9C6E0907 /* CRLicenseViewController.m */ = {isa = PBXFileReference; fileEncoding = 4; lastKnownFileType = sourcecode.c.objc; path = CRLicenseViewController.m; sourceTree = "<group>"; };
		82CDD4BA60D8B7B26D04B4BF /* CRTimeLineSpreadCell.m */ = {isa = PBXFileReference; fileEncoding = 4; lastKnownFileType = sourcecode.c.objc; path = CRTimeLineSpreadCell.m; sourceTree = "<group>"; };
		82CDD4CD36FBE54AC0B74FC7 /* CRStatus.h */ = {isa = PBXFileReference; fileEncoding = 4; lastKnownFileType = sourcecode.c.h; path = CRStatus.h; sourceTree = "<group>"; };
		82CDD537474FA78C9846EF39 /* CRProfileService.m */ = {isa = PBXFileReference; fileEncoding = 4; lastKnownFileType = sourcecode.c.objc; path = CRProfileService.m; sourceTree = "<group>"; };
		82CDD587DCE7BCD27361F5AB /* CRFavorite.m */ = {isa = PBXFileReference; fileEncoding = 4; lastKnownFileType = sourcecode.c.objc; path = CRFavorite.m; sourceTree = "<group>"; };
		82CDD65CBC3D0FA65FD7FB23 /* CRTimeLineController.m */ = {isa = PBXFileReference; fileEncoding = 4; lastKnownFileType = sourcecode.c.objc; path = CRTimeLineController.m; sourceTree = "<group>"; };
		82CDD66165948E06A25CBC28 /* CRProfileViewController.h */ = {isa = PBXFileReference; fileEncoding = 4; lastKnownFileType = sourcecode.c.h; path = CRProfileViewController.h; sourceTree = "<group>"; };
		82CDD6BE66AABBB434042E67 /* CRPageViewController.h */ = {isa = PBXFileReference; fileEncoding = 4; lastKnownFileType = sourcecode.c.h; path = CRPageViewController.h; sourceTree = "<group>"; };
		82CDD6DAA6BD17FB6E03E254 /* CRStatusUpdateViewController.m */ = {isa = PBXFileReference; fileEncoding = 4; lastKnownFileType = sourcecode.c.objc; path = CRStatusUpdateViewController.m; sourceTree = "<group>"; };
		82CDD700E7B1287349779C91 /* CRService.m */ = {isa = PBXFileReference; fileEncoding = 4; lastKnownFileType = sourcecode.c.objc; path = CRService.m; sourceTree = "<group>"; };
		82CDD73E88DFEAA827A351F3 /* CRAdsTimeLineBaseCell.h */ = {isa = PBXFileReference; fileEncoding = 4; lastKnownFileType = sourcecode.c.h; path = CRAdsTimeLineBaseCell.h; sourceTree = "<group>"; };
		82CDD79998B5BA4F1BA4DA11 /* CRTimeLineBaseCell.h */ = {isa = PBXFileReference; fileEncoding = 4; lastKnownFileType = sourcecode.c.h; path = CRTimeLineBaseCell.h; sourceTree = "<group>"; };
		82CDD7D59DC6E35FAEBD99E3 /* Crocus-PrefixHeader.pch */ = {isa = PBXFileReference; fileEncoding = 4; lastKnownFileType = sourcecode.c.h; path = "Crocus-PrefixHeader.pch"; sourceTree = "<group>"; };
		82CDD816A1053D69C511AB64 /* CRLoadingCell.m */ = {isa = PBXFileReference; fileEncoding = 4; lastKnownFileType = sourcecode.c.objc; path = CRLoadingCell.m; sourceTree = "<group>"; };
		82CDD8C7C12B4276837A3F85 /* CRMutesCreate.m */ = {isa = PBXFileReference; fileEncoding = 4; lastKnownFileType = sourcecode.c.objc; path = CRMutesCreate.m; sourceTree = "<group>"; };
		82CDD96BCF6183199BCB1535 /* CRUpdateProtected.h */ = {isa = PBXFileReference; fileEncoding = 4; lastKnownFileType = sourcecode.c.h; path = CRUpdateProtected.h; sourceTree = "<group>"; };
		82CDD984FEC0366CD7C06BCF /* CREntities.h */ = {isa = PBXFileReference; fileEncoding = 4; lastKnownFileType = sourcecode.c.h; path = CREntities.h; sourceTree = "<group>"; };
		82CDD99DB9FB2C2D249CBD57 /* CRTimeLineSpreadCell.h */ = {isa = PBXFileReference; fileEncoding = 4; lastKnownFileType = sourcecode.c.h; path = CRTimeLineSpreadCell.h; sourceTree = "<group>"; };
		82CDD99EAAEAF7D82B70899B /* CRTimeLineImageSpreadCell.h */ = {isa = PBXFileReference; fileEncoding = 4; lastKnownFileType = sourcecode.c.h; path = CRTimeLineImageSpreadCell.h; sourceTree = "<group>"; };
		82CDD9D3D7AEA0087C85BA18 /* CRMentionTimeLineViewController.h */ = {isa = PBXFileReference; fileEncoding = 4; lastKnownFileType = sourcecode.c.h; path = CRMentionTimeLineViewController.h; sourceTree = "<group>"; };
		82CDD9E141C015FEAC25C43C /* CRUser.h */ = {isa = PBXFileReference; fileEncoding = 4; lastKnownFileType = sourcecode.c.h; path = CRUser.h; sourceTree = "<group>"; };
		82CDD9F27EF7C4E0A9EFB123 /* CRFavouriteTimeLineViewController.h */ = {isa = PBXFileReference; fileEncoding = 4; lastKnownFileType = sourcecode.c.h; path = CRFavouriteTimeLineViewController.h; sourceTree = "<group>"; };
		82CDDA234DF4C1B51066967A /* CRTimeLineBaseCell.m */ = {isa = PBXFileReference; fileEncoding = 4; lastKnownFileType = sourcecode.c.objc; path = CRTimeLineBaseCell.m; sourceTree = "<group>"; };
		82CDDA7813CA771B8CF26081 /* CRFavouriteTimeLineViewController.m */ = {isa = PBXFileReference; fileEncoding = 4; lastKnownFileType = sourcecode.c.objc; path = CRFavouriteTimeLineViewController.m; sourceTree = "<group>"; };
		82CDDAB7A5EF90D65BE0F858 /* CRUpdateProtected.m */ = {isa = PBXFileReference; fileEncoding = 4; lastKnownFileType = sourcecode.c.objc; path = CRUpdateProtected.m; sourceTree = "<group>"; };
		82CDDB29C09EC38BB26DB46C /* CRMentionTimeLineService.h */ = {isa = PBXFileReference; fileEncoding = 4; lastKnownFileType = sourcecode.c.h; path = CRMentionTimeLineService.h; sourceTree = "<group>"; };
		82CDDB9C6FB4762A045FC8FD /* CRAdsTimeLineBaseCell.m */ = {isa = PBXFileReference; fileEncoding = 4; lastKnownFileType = sourcecode.c.objc; path = CRAdsTimeLineBaseCell.m; sourceTree = "<group>"; };
		82CDDC6A060AC629D1C92F43 /* CRSource.h */ = {isa = PBXFileReference; fileEncoding = 4; lastKnownFileType = sourcecode.c.h; path = CRSource.h; sourceTree = "<group>"; };
		82CDDC6CB2EF35D142CCF081 /* CRMentionTimeLineService.m */ = {isa = PBXFileReference; fileEncoding = 4; lastKnownFileType = sourcecode.c.objc; path = CRMentionTimeLineService.m; sourceTree = "<group>"; };
		82CDDC6FDF675DAEC8EF5965 /* CRHomeTimeLineViewController.h */ = {isa = PBXFileReference; fileEncoding = 4; lastKnownFileType = sourcecode.c.h; path = CRHomeTimeLineViewController.h; sourceTree = "<group>"; };
		82CDDCB32558E2F3F6F667A1 /* CRHomeTimeLineService.h */ = {isa = PBXFileReference; fileEncoding = 4; lastKnownFileType = sourcecode.c.h; path = CRHomeTimeLineService.h; sourceTree = "<group>"; };
		82CDDCF4EC24F0CEF41016ED /* CREntities.m */ = {isa = PBXFileReference; fileEncoding = 4; lastKnownFileType = sourcecode.c.objc; path = CREntities.m; sourceTree = "<group>"; };
		82CDDDD7C345CBE3A79CE2A8 /* CRTimeLineImageCell.m */ = {isa = PBXFileReference; fileEncoding = 4; lastKnownFileType = sourcecode.c.objc; path = CRTimeLineImageCell.m; sourceTree = "<group>"; };
		82CDDDF90F60958629323DE3 /* CRSource.m */ = {isa = PBXFileReference; fileEncoding = 4; lastKnownFileType = sourcecode.c.objc; path = CRSource.m; sourceTree = "<group>"; };
		82CDDE0F897B87A3725EBA43 /* CRHomeTimeLineService.m */ = {isa = PBXFileReference; fileEncoding = 4; lastKnownFileType = sourcecode.c.objc; path = CRHomeTimeLineService.m; sourceTree = "<group>"; };
		82CDDE55A1C8247E59D8F8C8 /* CRConfigViewController.h */ = {isa = PBXFileReference; fileEncoding = 4; lastKnownFileType = sourcecode.c.h; path = CRConfigViewController.h; sourceTree = "<group>"; };
		82CDDE645410145EA5C19A09 /* CRFavoriteTimeLineService.h */ = {isa = PBXFileReference; fileEncoding = 4; lastKnownFileType = sourcecode.c.h; path = CRFavoriteTimeLineService.h; sourceTree = "<group>"; };
		82CDDE93A9E23681D030A97C /* CRTimeLineService.h */ = {isa = PBXFileReference; fileEncoding = 4; lastKnownFileType = sourcecode.c.h; path = CRTimeLineService.h; sourceTree = "<group>"; };
		82CDDEC8998049C3B80A660E /* CRFavoriteTimeLineService.m */ = {isa = PBXFileReference; fileEncoding = 4; lastKnownFileType = sourcecode.c.objc; path = CRFavoriteTimeLineService.m; sourceTree = "<group>"; };
		82CDDECC9BC401CB4AE96494 /* CRStatusDetailViewController.m */ = {isa = PBXFileReference; fileEncoding = 4; lastKnownFileType = sourcecode.c.objc; path = CRStatusDetailViewController.m; sourceTree = "<group>"; };
		82CDDEE3198A8FEBE5832891 /* CRStatusService.h */ = {isa = PBXFileReference; fileEncoding = 4; lastKnownFileType = sourcecode.c.h; path = CRStatusService.h; sourceTree = "<group>"; };
		82CDDEFA3CA0C5330CB827CD /* CRTimeLineViewController.h */ = {isa = PBXFileReference; fileEncoding = 4; lastKnownFileType = sourcecode.c.h; path = CRTimeLineViewController.h; sourceTree = "<group>"; };
		82CDDF0348C83A1D8BF55AC8 /* CRStatusDetailViewController.h */ = {isa = PBXFileReference; fileEncoding = 4; lastKnownFileType = sourcecode.c.h; path = CRStatusDetailViewController.h; sourceTree = "<group>"; };
		82CDDF0B4983CAD0E016EFD9 /* CRUserInfoService.m */ = {isa = PBXFileReference; fileEncoding = 4; lastKnownFileType = sourcecode.c.objc; path = CRUserInfoService.m; sourceTree = "<group>"; };
		82CDDF15D930154FEA1B2412 /* CRLicenseViewController.h */ = {isa = PBXFileReference; fileEncoding = 4; lastKnownFileType = sourcecode.c.h; path = CRLicenseViewController.h; sourceTree = "<group>"; };
		82CDDF31E57138AAC5C0E7CE /* CRTimeLineService.m */ = {isa = PBXFileReference; fileEncoding = 4; lastKnownFileType = sourcecode.c.objc; path = CRTimeLineService.m; sourceTree = "<group>"; };
		82CDDFA909F8FC430E802133 /* CRProfileViewController.m */ = {isa = PBXFileReference; fileEncoding = 4; lastKnownFileType = sourcecode.c.objc; path = CRProfileViewController.m; sourceTree = "<group>"; };
		82CDDFAA2AC71717678A7AEF /* CRTimeLineBaseViewController.h */ = {isa = PBXFileReference; fileEncoding = 4; lastKnownFileType = sourcecode.c.h; path = CRTimeLineBaseViewController.h; sourceTree = "<group>"; };
		82CDDFC943208ADD696629B6 /* CRMutesDestroy.h */ = {isa = PBXFileReference; fileEncoding = 4; lastKnownFileType = sourcecode.c.h; path = CRMutesDestroy.h; sourceTree = "<group>"; };
		890BCFCD1AB07A130055D96E /* Crashlytics.framework */ = {isa = PBXFileReference; lastKnownFileType = wrapper.framework; path = Crashlytics.framework; sourceTree = "<group>"; };
		890BCFCE1AB07A130055D96E /* Fabric.framework */ = {isa = PBXFileReference; lastKnownFileType = wrapper.framework; path = Fabric.framework; sourceTree = "<group>"; };
		8924CA3A1B7DD4CB006010BF /* AdobeCreativeSDKImageResources.bundle */ = {isa = PBXFileReference; lastKnownFileType = "wrapper.plug-in"; name = AdobeCreativeSDKImageResources.bundle; path = AdobeCreativeSDKImage.framework/Versions/A/Resources/AdobeCreativeSDKImageResources.bundle; sourceTree = "<group>"; };
		8924CA3C1B7DD4D7006010BF /* AdobeCreativeSDKCoreResources.bundle */ = {isa = PBXFileReference; lastKnownFileType = "wrapper.plug-in"; name = AdobeCreativeSDKCoreResources.bundle; path = AdobeCreativeSDKCore.framework/Versions/A/Resources/AdobeCreativeSDKCoreResources.bundle; sourceTree = "<group>"; };
		8924CA3E1B7DD4EC006010BF /* AdobeCreativeSDKCore.framework */ = {isa = PBXFileReference; lastKnownFileType = wrapper.framework; path = AdobeCreativeSDKCore.framework; sourceTree = "<group>"; };
		8924CA3F1B7DD4EC006010BF /* AdobeCreativeSDKImage.framework */ = {isa = PBXFileReference; lastKnownFileType = wrapper.framework; path = AdobeCreativeSDKImage.framework; sourceTree = "<group>"; };
		894029F01AB5D60A0035C35E /* AssetsLibrary.framework */ = {isa = PBXFileReference; lastKnownFileType = wrapper.framework; name = AssetsLibrary.framework; path = System/Library/Frameworks/AssetsLibrary.framework; sourceTree = SDKROOT; };
		8967A8F01A52F25000FDB716 /* OAuth.storyboard */ = {isa = PBXFileReference; fileEncoding = 4; lastKnownFileType = file.storyboard; path = OAuth.storyboard; sourceTree = "<group>"; };
		896AB8361B701E9700D68CBE /* Accelerate.framework */ = {isa = PBXFileReference; lastKnownFileType = wrapper.framework; name = Accelerate.framework; path = System/Library/Frameworks/Accelerate.framework; sourceTree = SDKROOT; };
		896AB8381B701EA000D68CBE /* CoreData.framework */ = {isa = PBXFileReference; lastKnownFileType = wrapper.framework; name = CoreData.framework; path = System/Library/Frameworks/CoreData.framework; sourceTree = SDKROOT; };
		896AB83C1B701EE300D68CBE /* libsqlite3.dylib */ = {isa = PBXFileReference; lastKnownFileType = "compiled.mach-o.dylib"; name = libsqlite3.dylib; path = usr/lib/libsqlite3.dylib; sourceTree = SDKROOT; };
		896AB83E1B701EF000D68CBE /* libz.1.2.5.dylib */ = {isa = PBXFileReference; lastKnownFileType = "compiled.mach-o.dylib"; name = libz.1.2.5.dylib; path = usr/lib/libz.1.2.5.dylib; sourceTree = SDKROOT; };
		896AB8401B701EFE00D68CBE /* Foundation.framework */ = {isa = PBXFileReference; lastKnownFileType = wrapper.framework; name = Foundation.framework; path = System/Library/Frameworks/Foundation.framework; sourceTree = SDKROOT; };
		896AB8421B701F0A00D68CBE /* MessageUI.framework */ = {isa = PBXFileReference; lastKnownFileType = wrapper.framework; name = MessageUI.framework; path = System/Library/Frameworks/MessageUI.framework; sourceTree = SDKROOT; };
		896AB8441B701F1600D68CBE /* OpenGLES.framework */ = {isa = PBXFileReference; lastKnownFileType = wrapper.framework; name = OpenGLES.framework; path = System/Library/Frameworks/OpenGLES.framework; sourceTree = SDKROOT; };
		896AB8461B701F2100D68CBE /* QuartzCore.framework */ = {isa = PBXFileReference; lastKnownFileType = wrapper.framework; name = QuartzCore.framework; path = System/Library/Frameworks/QuartzCore.framework; sourceTree = SDKROOT; };
		896AB8481B701F2A00D68CBE /* StoreKit.framework */ = {isa = PBXFileReference; lastKnownFileType = wrapper.framework; name = StoreKit.framework; path = System/Library/Frameworks/StoreKit.framework; sourceTree = SDKROOT; };
		896AB84A1B701F3800D68CBE /* MobileCoreServices.framework */ = {isa = PBXFileReference; lastKnownFileType = wrapper.framework; name = MobileCoreServices.framework; path = System/Library/Frameworks/MobileCoreServices.framework; sourceTree = SDKROOT; };
		896AB84C1B701F4800D68CBE /* libc++.dylib */ = {isa = PBXFileReference; lastKnownFileType = "compiled.mach-o.dylib"; name = "libc++.dylib"; path = "usr/lib/libc++.dylib"; sourceTree = SDKROOT; };
		896AB8501B70251200D68CBE /* UIKit.framework */ = {isa = PBXFileReference; lastKnownFileType = wrapper.framework; name = UIKit.framework; path = System/Library/Frameworks/UIKit.framework; sourceTree = SDKROOT; };
		897BC4831A68264B00964A68 /* StatusUpdateView5.xib */ = {isa = PBXFileReference; fileEncoding = 4; lastKnownFileType = file.xib; path = StatusUpdateView5.xib; sourceTree = "<group>"; };
		8983A4681A655DEE00607BEC /* ProfileView.xib */ = {isa = PBXFileReference; fileEncoding = 4; lastKnownFileType = file.xib; path = ProfileView.xib; sourceTree = "<group>"; };
		89A914971A5950A400353993 /* TimeLineSpreadCell.xib */ = {isa = PBXFileReference; fileEncoding = 4; lastKnownFileType = file.xib; path = TimeLineSpreadCell.xib; sourceTree = "<group>"; };
		89A914991A59BD8A00353993 /* LoadingCell.xib */ = {isa = PBXFileReference; fileEncoding = 4; lastKnownFileType = file.xib; path = LoadingCell.xib; sourceTree = "<group>"; };
		89A9149B1A5D792600353993 /* TimeLineImageCell.xib */ = {isa = PBXFileReference; fileEncoding = 4; lastKnownFileType = file.xib; path = TimeLineImageCell.xib; sourceTree = "<group>"; };
		89A9149D1A5D825F00353993 /* TimeLineImageSpreadCell.xib */ = {isa = PBXFileReference; fileEncoding = 4; lastKnownFileType = file.xib; path = TimeLineImageSpreadCell.xib; sourceTree = "<group>"; };
		89A9149F1A62B90400353993 /* StatusUpdateView.xib */ = {isa = PBXFileReference; fileEncoding = 4; lastKnownFileType = file.xib; path = StatusUpdateView.xib; sourceTree = "<group>"; };
		89A914A11A63CDC800353993 /* StatusUpdateView4s.xib */ = {isa = PBXFileReference; fileEncoding = 4; lastKnownFileType = file.xib; path = StatusUpdateView4s.xib; sourceTree = "<group>"; };
		89A914A31A63ECD900353993 /* CRUIImage+rotation.m */ = {isa = PBXFileReference; fileEncoding = 4; lastKnownFileType = sourcecode.c.objc; path = "CRUIImage+rotation.m"; sourceTree = "<group>"; };
		89A914A41A63ECD900353993 /* CRUIImage+rotation.h */ = {isa = PBXFileReference; fileEncoding = 4; lastKnownFileType = sourcecode.c.h; path = "CRUIImage+rotation.h"; sourceTree = "<group>"; };
		89CB2FB91A63F35E0066F0CF /* StatusDetailView.xib */ = {isa = PBXFileReference; fileEncoding = 4; lastKnownFileType = file.xib; path = StatusDetailView.xib; sourceTree = "<group>"; };
		89CB99421A6A8F53009AD3B9 /* AdsTimeLineBaseCell.xib */ = {isa = PBXFileReference; fileEncoding = 4; lastKnownFileType = file.xib; path = AdsTimeLineBaseCell.xib; sourceTree = "<group>"; };
		89CC2AD21A5E50C900D1B266 /* TimeLineReplyBaseCell.xib */ = {isa = PBXFileReference; fileEncoding = 4; lastKnownFileType = file.xib; path = TimeLineReplyBaseCell.xib; sourceTree = "<group>"; };
		89CC2AD41A5E520E00D1B266 /* TimeLineReplyImageCell.xib */ = {isa = PBXFileReference; fileEncoding = 4; lastKnownFileType = file.xib; path = TimeLineReplyImageCell.xib; sourceTree = "<group>"; };
		89CC2AD61A5E767C00D1B266 /* TimeLineController.xib */ = {isa = PBXFileReference; fileEncoding = 4; lastKnownFileType = file.xib; path = TimeLineController.xib; sourceTree = "<group>"; };
		89DE9E1D1A4A558800654D3E /* CRAPIRequest.h */ = {isa = PBXFileReference; fileEncoding = 4; lastKnownFileType = sourcecode.c.h; path = CRAPIRequest.h; sourceTree = "<group>"; };
		89DE9E1E1A4A558800654D3E /* CRAPIRequest.m */ = {isa = PBXFileReference; fileEncoding = 4; lastKnownFileType = sourcecode.c.objc; path = CRAPIRequest.m; sourceTree = "<group>"; };
		89DE9E1F1A4A558800654D3E /* CRFavoritesCreate.h */ = {isa = PBXFileReference; fileEncoding = 4; lastKnownFileType = sourcecode.c.h; path = CRFavoritesCreate.h; sourceTree = "<group>"; };
		89DE9E201A4A558800654D3E /* CRFavoritesCreate.m */ = {isa = PBXFileReference; fileEncoding = 4; lastKnownFileType = sourcecode.c.objc; path = CRFavoritesCreate.m; sourceTree = "<group>"; };
		89DE9E211A4A558800654D3E /* CRFollowersList.h */ = {isa = PBXFileReference; fileEncoding = 4; lastKnownFileType = sourcecode.c.h; path = CRFollowersList.h; sourceTree = "<group>"; };
		89DE9E221A4A558800654D3E /* CRFollowersList.m */ = {isa = PBXFileReference; fileEncoding = 4; lastKnownFileType = sourcecode.c.objc; path = CRFollowersList.m; sourceTree = "<group>"; };
		89DE9E231A4A558800654D3E /* CRFriendShipsCreate.h */ = {isa = PBXFileReference; fileEncoding = 4; lastKnownFileType = sourcecode.c.h; path = CRFriendShipsCreate.h; sourceTree = "<group>"; };
		89DE9E241A4A558800654D3E /* CRFriendShipsCreate.m */ = {isa = PBXFileReference; fileEncoding = 4; lastKnownFileType = sourcecode.c.objc; path = CRFriendShipsCreate.m; sourceTree = "<group>"; };
		89DE9E251A4A558800654D3E /* CRFriendshipsDestroy.h */ = {isa = PBXFileReference; fileEncoding = 4; lastKnownFileType = sourcecode.c.h; path = CRFriendshipsDestroy.h; sourceTree = "<group>"; };
		89DE9E261A4A558800654D3E /* CRFriendshipsDestroy.m */ = {isa = PBXFileReference; fileEncoding = 4; lastKnownFileType = sourcecode.c.objc; path = CRFriendshipsDestroy.m; sourceTree = "<group>"; };
		89DE9E271A4A558800654D3E /* CRFriendsList.h */ = {isa = PBXFileReference; fileEncoding = 4; lastKnownFileType = sourcecode.c.h; path = CRFriendsList.h; sourceTree = "<group>"; };
		89DE9E281A4A558800654D3E /* CRFriendsList.m */ = {isa = PBXFileReference; fileEncoding = 4; lastKnownFileType = sourcecode.c.objc; path = CRFriendsList.m; sourceTree = "<group>"; };
		89DE9E291A4A558800654D3E /* CRHomeTimeLine.h */ = {isa = PBXFileReference; fileEncoding = 4; lastKnownFileType = sourcecode.c.h; path = CRHomeTimeLine.h; sourceTree = "<group>"; };
		89DE9E2A1A4A558800654D3E /* CRHomeTimeLine.m */ = {isa = PBXFileReference; fileEncoding = 4; lastKnownFileType = sourcecode.c.objc; path = CRHomeTimeLine.m; sourceTree = "<group>"; };
		89DE9E2B1A4A558800654D3E /* CRIdShow.h */ = {isa = PBXFileReference; fileEncoding = 4; lastKnownFileType = sourcecode.c.h; path = CRIdShow.h; sourceTree = "<group>"; };
		89DE9E2C1A4A558800654D3E /* CRIdShow.m */ = {isa = PBXFileReference; fileEncoding = 4; lastKnownFileType = sourcecode.c.objc; path = CRIdShow.m; sourceTree = "<group>"; };
		89DE9E2D1A4A558800654D3E /* CRMentions.h */ = {isa = PBXFileReference; fileEncoding = 4; lastKnownFileType = sourcecode.c.h; path = CRMentions.h; sourceTree = "<group>"; };
		89DE9E2E1A4A558800654D3E /* CRMentions.m */ = {isa = PBXFileReference; fileEncoding = 4; lastKnownFileType = sourcecode.c.objc; path = CRMentions.m; sourceTree = "<group>"; };
		89DE9E2F1A4A558800654D3E /* CRPublicTimeLine.h */ = {isa = PBXFileReference; fileEncoding = 4; lastKnownFileType = sourcecode.c.h; path = CRPublicTimeLine.h; sourceTree = "<group>"; };
		89DE9E301A4A558800654D3E /* CRPublicTimeLine.m */ = {isa = PBXFileReference; fileEncoding = 4; lastKnownFileType = sourcecode.c.objc; path = CRPublicTimeLine.m; sourceTree = "<group>"; };
		89DE9E311A4A558800654D3E /* CRSearchVoices.h */ = {isa = PBXFileReference; fileEncoding = 4; lastKnownFileType = sourcecode.c.h; path = CRSearchVoices.h; sourceTree = "<group>"; };
		89DE9E321A4A558800654D3E /* CRSearchVoices.m */ = {isa = PBXFileReference; fileEncoding = 4; lastKnownFileType = sourcecode.c.objc; path = CRSearchVoices.m; sourceTree = "<group>"; };
		89DE9E331A4A558800654D3E /* CRShow.h */ = {isa = PBXFileReference; fileEncoding = 4; lastKnownFileType = sourcecode.c.h; path = CRShow.h; sourceTree = "<group>"; };
		89DE9E341A4A558800654D3E /* CRShow.m */ = {isa = PBXFileReference; fileEncoding = 4; lastKnownFileType = sourcecode.c.objc; path = CRShow.m; sourceTree = "<group>"; };
		89DE9E351A4A558800654D3E /* CRSpread.h */ = {isa = PBXFileReference; fileEncoding = 4; lastKnownFileType = sourcecode.c.h; path = CRSpread.h; sourceTree = "<group>"; };
		89DE9E361A4A558800654D3E /* CRSpread.m */ = {isa = PBXFileReference; fileEncoding = 4; lastKnownFileType = sourcecode.c.objc; path = CRSpread.m; sourceTree = "<group>"; };
		89DE9E371A4A558800654D3E /* CRStatusesDestroy.h */ = {isa = PBXFileReference; fileEncoding = 4; lastKnownFileType = sourcecode.c.h; path = CRStatusesDestroy.h; sourceTree = "<group>"; };
		89DE9E381A4A558800654D3E /* CRStatusesDestroy.m */ = {isa = PBXFileReference; fileEncoding = 4; lastKnownFileType = sourcecode.c.objc; path = CRStatusesDestroy.m; sourceTree = "<group>"; };
		89DE9E391A4A558800654D3E /* CRTimeLine.h */ = {isa = PBXFileReference; fileEncoding = 4; lastKnownFileType = sourcecode.c.h; path = CRTimeLine.h; sourceTree = "<group>"; };
		89DE9E3A1A4A558800654D3E /* CRTimeLine.m */ = {isa = PBXFileReference; fileEncoding = 4; lastKnownFileType = sourcecode.c.objc; path = CRTimeLine.m; sourceTree = "<group>"; };
		89DE9E3B1A4A558800654D3E /* CRUpdate.h */ = {isa = PBXFileReference; fileEncoding = 4; lastKnownFileType = sourcecode.c.h; path = CRUpdate.h; sourceTree = "<group>"; };
		89DE9E3C1A4A558800654D3E /* CRUpdate.m */ = {isa = PBXFileReference; fileEncoding = 4; lastKnownFileType = sourcecode.c.objc; path = CRUpdate.m; sourceTree = "<group>"; };
		89DE9E3D1A4A558800654D3E /* CRUpdateProfile.h */ = {isa = PBXFileReference; fileEncoding = 4; lastKnownFileType = sourcecode.c.h; path = CRUpdateProfile.h; sourceTree = "<group>"; };
		89DE9E3E1A4A558800654D3E /* CRUpdateProfile.m */ = {isa = PBXFileReference; fileEncoding = 4; lastKnownFileType = sourcecode.c.objc; path = CRUpdateProfile.m; sourceTree = "<group>"; };
		89DE9E3F1A4A558800654D3E /* CRUpdateProfileImage.h */ = {isa = PBXFileReference; fileEncoding = 4; lastKnownFileType = sourcecode.c.h; path = CRUpdateProfileImage.h; sourceTree = "<group>"; };
		89DE9E401A4A558800654D3E /* CRUpdateProfileImage.m */ = {isa = PBXFileReference; fileEncoding = 4; lastKnownFileType = sourcecode.c.objc; path = CRUpdateProfileImage.m; sourceTree = "<group>"; };
		89DE9E411A4A558800654D3E /* CRUpdateWithMedia.h */ = {isa = PBXFileReference; fileEncoding = 4; lastKnownFileType = sourcecode.c.h; path = CRUpdateWithMedia.h; sourceTree = "<group>"; };
		89DE9E421A4A558800654D3E /* CRUpdateWithMedia.m */ = {isa = PBXFileReference; fileEncoding = 4; lastKnownFileType = sourcecode.c.objc; path = CRUpdateWithMedia.m; sourceTree = "<group>"; };
		89DE9E431A4A558800654D3E /* CRUsersShow.h */ = {isa = PBXFileReference; fileEncoding = 4; lastKnownFileType = sourcecode.c.h; path = CRUsersShow.h; sourceTree = "<group>"; };
		89DE9E441A4A558800654D3E /* CRUsersShow.m */ = {isa = PBXFileReference; fileEncoding = 4; lastKnownFileType = sourcecode.c.objc; path = CRUsersShow.m; sourceTree = "<group>"; };
		89DE9E451A4A558800654D3E /* CRUserTimeLine.h */ = {isa = PBXFileReference; fileEncoding = 4; lastKnownFileType = sourcecode.c.h; path = CRUserTimeLine.h; sourceTree = "<group>"; };
		89DE9E461A4A558800654D3E /* CRUserTimeLine.m */ = {isa = PBXFileReference; fileEncoding = 4; lastKnownFileType = sourcecode.c.objc; path = CRUserTimeLine.m; sourceTree = "<group>"; };
		89DE9E471A4A558800654D3E /* CRVerifyCredentials.h */ = {isa = PBXFileReference; fileEncoding = 4; lastKnownFileType = sourcecode.c.h; path = CRVerifyCredentials.h; sourceTree = "<group>"; };
		89DE9E481A4A558800654D3E /* CRVerifyCredentials.m */ = {isa = PBXFileReference; fileEncoding = 4; lastKnownFileType = sourcecode.c.objc; path = CRVerifyCredentials.m; sourceTree = "<group>"; };
		89DE9E491A4A558800654D3E /* CRMute.h */ = {isa = PBXFileReference; fileEncoding = 4; lastKnownFileType = sourcecode.c.h; path = CRMute.h; sourceTree = "<group>"; };
		89DE9E4A1A4A558800654D3E /* CRMute.m */ = {isa = PBXFileReference; fileEncoding = 4; lastKnownFileType = sourcecode.c.objc; path = CRMute.m; sourceTree = "<group>"; };
		89DE9E4C1A4A558800654D3E /* CRHTTPLoader.h */ = {isa = PBXFileReference; fileEncoding = 4; lastKnownFileType = sourcecode.c.h; path = CRHTTPLoader.h; sourceTree = "<group>"; };
		89DE9E4D1A4A558800654D3E /* CRHTTPLoader.m */ = {isa = PBXFileReference; fileEncoding = 4; lastKnownFileType = sourcecode.c.objc; path = CRHTTPLoader.m; sourceTree = "<group>"; };
		89DE9E4E1A4A558800654D3E /* CRHTTPLoaderOperation.h */ = {isa = PBXFileReference; fileEncoding = 4; lastKnownFileType = sourcecode.c.h; path = CRHTTPLoaderOperation.h; sourceTree = "<group>"; };
		89DE9E4F1A4A558800654D3E /* CRHTTPLoaderOperation.m */ = {isa = PBXFileReference; fileEncoding = 4; lastKnownFileType = sourcecode.c.objc; path = CRHTTPLoaderOperation.m; sourceTree = "<group>"; };
		89DE9E501A4A558800654D3E /* NSDictionary+CRURLParams.h */ = {isa = PBXFileReference; fileEncoding = 4; lastKnownFileType = sourcecode.c.h; path = "NSDictionary+CRURLParams.h"; sourceTree = "<group>"; };
		89DE9E511A4A558800654D3E /* NSDictionary+CRURLParams.m */ = {isa = PBXFileReference; fileEncoding = 4; lastKnownFileType = sourcecode.c.objc; path = "NSDictionary+CRURLParams.m"; sourceTree = "<group>"; };
		89DE9E531A4A558800654D3E /* CROAuth.h */ = {isa = PBXFileReference; fileEncoding = 4; lastKnownFileType = sourcecode.c.h; path = CROAuth.h; sourceTree = "<group>"; };
		89DE9E541A4A558800654D3E /* CROAuth.m */ = {isa = PBXFileReference; fileEncoding = 4; lastKnownFileType = sourcecode.c.objc; path = CROAuth.m; sourceTree = "<group>"; };
		89DE9E551A4A558800654D3E /* CROAuthParams.h */ = {isa = PBXFileReference; fileEncoding = 4; lastKnownFileType = sourcecode.c.h; path = CROAuthParams.h; sourceTree = "<group>"; };
		89DE9E561A4A558800654D3E /* CROAuthParams.m */ = {isa = PBXFileReference; fileEncoding = 4; lastKnownFileType = sourcecode.c.objc; path = CROAuthParams.m; sourceTree = "<group>"; };
		89E6A3F01AF4BA82008D3184 /* AudioToolbox.framework */ = {isa = PBXFileReference; lastKnownFileType = wrapper.framework; name = AudioToolbox.framework; path = System/Library/Frameworks/AudioToolbox.framework; sourceTree = SDKROOT; };
		89F931B21A56CF8E009CD6E9 /* TimeLineBaseCell.xib */ = {isa = PBXFileReference; fileEncoding = 4; lastKnownFileType = file.xib; path = TimeLineBaseCell.xib; sourceTree = "<group>"; };
		89FA16571A47B53B00271FBB /* Crocus.app */ = {isa = PBXFileReference; explicitFileType = wrapper.application; includeInIndex = 0; path = Crocus.app; sourceTree = BUILT_PRODUCTS_DIR; };
		89FA165B1A47B53B00271FBB /* Info.plist */ = {isa = PBXFileReference; lastKnownFileType = text.plist.xml; path = Info.plist; sourceTree = "<group>"; };
		89FA165C1A47B53B00271FBB /* main.m */ = {isa = PBXFileReference; lastKnownFileType = sourcecode.c.objc; path = main.m; sourceTree = "<group>"; };
		89FA165E1A47B53B00271FBB /* AppDelegate.h */ = {isa = PBXFileReference; lastKnownFileType = sourcecode.c.h; path = AppDelegate.h; sourceTree = "<group>"; };
		89FA165F1A47B53B00271FBB /* AppDelegate.m */ = {isa = PBXFileReference; lastKnownFileType = sourcecode.c.objc; path = AppDelegate.m; sourceTree = "<group>"; };
		89FA16611A47B53B00271FBB /* ViewController.h */ = {isa = PBXFileReference; lastKnownFileType = sourcecode.c.h; path = ViewController.h; sourceTree = "<group>"; };
		89FA16621A47B53B00271FBB /* ViewController.m */ = {isa = PBXFileReference; lastKnownFileType = sourcecode.c.objc; path = ViewController.m; sourceTree = "<group>"; };
		89FA16651A47B53B00271FBB /* Base */ = {isa = PBXFileReference; lastKnownFileType = file.storyboard; name = Base; path = Base.lproj/Main.storyboard; sourceTree = "<group>"; };
		89FA16671A47B53B00271FBB /* Images.xcassets */ = {isa = PBXFileReference; lastKnownFileType = folder.assetcatalog; path = Images.xcassets; sourceTree = "<group>"; };
		89FA166A1A47B53B00271FBB /* Base */ = {isa = PBXFileReference; lastKnownFileType = file.xib; name = Base; path = Base.lproj/LaunchScreen.xib; sourceTree = "<group>"; };
		89FA16701A47B53B00271FBB /* CrocusTests.xctest */ = {isa = PBXFileReference; explicitFileType = wrapper.cfbundle; includeInIndex = 0; path = CrocusTests.xctest; sourceTree = BUILT_PRODUCTS_DIR; };
		89FA16751A47B53B00271FBB /* Info.plist */ = {isa = PBXFileReference; lastKnownFileType = text.plist.xml; path = Info.plist; sourceTree = "<group>"; };
		89FA16761A47B53B00271FBB /* CrocusTests.m */ = {isa = PBXFileReference; lastKnownFileType = sourcecode.c.objc; path = CrocusTests.m; sourceTree = "<group>"; };
		89FB84191A6ABE46009D4573 /* AdSupport.framework */ = {isa = PBXFileReference; lastKnownFileType = wrapper.framework; name = AdSupport.framework; path = System/Library/Frameworks/AdSupport.framework; sourceTree = SDKROOT; };
		89FB841B1A6ABE4D009D4573 /* Security.framework */ = {isa = PBXFileReference; lastKnownFileType = wrapper.framework; name = Security.framework; path = System/Library/Frameworks/Security.framework; sourceTree = SDKROOT; };
		89FB841D1A6ABE57009D4573 /* ImageIO.framework */ = {isa = PBXFileReference; lastKnownFileType = wrapper.framework; name = ImageIO.framework; path = System/Library/Frameworks/ImageIO.framework; sourceTree = SDKROOT; };
		CE9E387D4E48B7A8C8EC21A6 /* libPods-Crocus.a */ = {isa = PBXFileReference; explicitFileType = archive.ar; includeInIndex = 0; path = "libPods-Crocus.a"; sourceTree = BUILT_PRODUCTS_DIR; };
		D90AD25C1A39F097F3BAED9B /* Pods-Crocus.release.xcconfig */ = {isa = PBXFileReference; includeInIndex = 1; lastKnownFileType = text.xcconfig; name = "Pods-Crocus.release.xcconfig"; path = "Pods/Target Support Files/Pods-Crocus/Pods-Crocus.release.xcconfig"; sourceTree = "<group>"; };
/* End PBXFileReference section */

/* Begin PBXFrameworksBuildPhase section */
		89FA16541A47B53B00271FBB /* Frameworks */ = {
			isa = PBXFrameworksBuildPhase;
			buildActionMask = 2147483647;
			files = (
				896AB8511B70251200D68CBE /* UIKit.framework in Frameworks */,
				896AB84D1B701F4800D68CBE /* libc++.dylib in Frameworks */,
				896AB84B1B701F3800D68CBE /* MobileCoreServices.framework in Frameworks */,
				896AB8491B701F2A00D68CBE /* StoreKit.framework in Frameworks */,
				896AB8471B701F2100D68CBE /* QuartzCore.framework in Frameworks */,
				8924CA411B7DD4EC006010BF /* AdobeCreativeSDKImage.framework in Frameworks */,
				896AB8451B701F1600D68CBE /* OpenGLES.framework in Frameworks */,
				896AB8431B701F0A00D68CBE /* MessageUI.framework in Frameworks */,
				896AB8411B701EFE00D68CBE /* Foundation.framework in Frameworks */,
				896AB83F1B701EF000D68CBE /* libz.1.2.5.dylib in Frameworks */,
				8924CA401B7DD4EC006010BF /* AdobeCreativeSDKCore.framework in Frameworks */,
				896AB83D1B701EE300D68CBE /* libsqlite3.dylib in Frameworks */,
				896AB8391B701EA000D68CBE /* CoreData.framework in Frameworks */,
				896AB8371B701E9700D68CBE /* Accelerate.framework in Frameworks */,
				89E6A3F11AF4BA82008D3184 /* AudioToolbox.framework in Frameworks */,
				894029F11AB5D60A0035C35E /* AssetsLibrary.framework in Frameworks */,
				890BCFD01AB07A130055D96E /* Fabric.framework in Frameworks */,
				89FB841E1A6ABE57009D4573 /* ImageIO.framework in Frameworks */,
				89FB841C1A6ABE4D009D4573 /* Security.framework in Frameworks */,
				89FB841A1A6ABE46009D4573 /* AdSupport.framework in Frameworks */,
				13AECF7624D6E759944FB383 /* libPods-Crocus.a in Frameworks */,
				890BCFCF1AB07A130055D96E /* Crashlytics.framework in Frameworks */,
			);
			runOnlyForDeploymentPostprocessing = 0;
		};
		89FA166D1A47B53B00271FBB /* Frameworks */ = {
			isa = PBXFrameworksBuildPhase;
			buildActionMask = 2147483647;
			files = (
			);
			runOnlyForDeploymentPostprocessing = 0;
		};
/* End PBXFrameworksBuildPhase section */

/* Begin PBXGroup section */
		659AA79F3FEDD277C3EF1DFD /* Frameworks */ = {
			isa = PBXGroup;
			children = (
				8924CA3E1B7DD4EC006010BF /* AdobeCreativeSDKCore.framework */,
				8924CA3F1B7DD4EC006010BF /* AdobeCreativeSDKImage.framework */,
				8924CA3C1B7DD4D7006010BF /* AdobeCreativeSDKCoreResources.bundle */,
				8924CA3A1B7DD4CB006010BF /* AdobeCreativeSDKImageResources.bundle */,
				896AB8501B70251200D68CBE /* UIKit.framework */,
				896AB84C1B701F4800D68CBE /* libc++.dylib */,
				896AB84A1B701F3800D68CBE /* MobileCoreServices.framework */,
				896AB8481B701F2A00D68CBE /* StoreKit.framework */,
				896AB8461B701F2100D68CBE /* QuartzCore.framework */,
				896AB8441B701F1600D68CBE /* OpenGLES.framework */,
				896AB8421B701F0A00D68CBE /* MessageUI.framework */,
				896AB8401B701EFE00D68CBE /* Foundation.framework */,
				896AB83E1B701EF000D68CBE /* libz.1.2.5.dylib */,
				896AB83C1B701EE300D68CBE /* libsqlite3.dylib */,
				896AB8381B701EA000D68CBE /* CoreData.framework */,
				896AB8361B701E9700D68CBE /* Accelerate.framework */,
				89E6A3F01AF4BA82008D3184 /* AudioToolbox.framework */,
				894029F01AB5D60A0035C35E /* AssetsLibrary.framework */,
				890BCFCD1AB07A130055D96E /* Crashlytics.framework */,
				890BCFCE1AB07A130055D96E /* Fabric.framework */,
				89FB841D1A6ABE57009D4573 /* ImageIO.framework */,
				89FB841B1A6ABE4D009D4573 /* Security.framework */,
				89FB84191A6ABE46009D4573 /* AdSupport.framework */,
				CE9E387D4E48B7A8C8EC21A6 /* libPods-Crocus.a */,
			);
			name = Frameworks;
			sourceTree = "<group>";
		};
		82CDD09D464D8BA6B57CC45C /* Croudia */ = {
			isa = PBXGroup;
			children = (
				89DE9E1C1A4A558800654D3E /* API */,
				89DE9E491A4A558800654D3E /* CRMute.h */,
				89DE9E4A1A4A558800654D3E /* CRMute.m */,
				89DE9E4B1A4A558800654D3E /* HTTP */,
				89DE9E521A4A558800654D3E /* OAuth */,
			);
			path = Croudia;
			sourceTree = "<group>";
		};
		82CDD251F4B4B6ED1F08FC9D /* Views */ = {
			isa = PBXGroup;
			children = (
				82CDD3D349045ADE8D982A86 /* TimeLine */,
				82CDD4C9267E633C53646153 /* Config */,
			);
			path = Views;
			sourceTree = "<group>";
		};
		82CDD39D7411AE1533AA29DC /* Models */ = {
			isa = PBXGroup;
			children = (
				82CDD1506298447CEBF2CD33 /* CRStatus.m */,
				82CDD4CD36FBE54AC0B74FC7 /* CRStatus.h */,
				82CDDDF90F60958629323DE3 /* CRSource.m */,
				82CDDC6A060AC629D1C92F43 /* CRSource.h */,
				82CDDCF4EC24F0CEF41016ED /* CREntities.m */,
				82CDD984FEC0366CD7C06BCF /* CREntities.h */,
				82CDD1C9BE4385E3FF8FCD23 /* CRUser.m */,
				82CDD9E141C015FEAC25C43C /* CRUser.h */,
			);
			path = Models;
			sourceTree = "<group>";
		};
		82CDD3D349045ADE8D982A86 /* TimeLine */ = {
			isa = PBXGroup;
			children = (
				89A914A31A63ECD900353993 /* CRUIImage+rotation.m */,
				89A914A41A63ECD900353993 /* CRUIImage+rotation.h */,
				82CDD022DA7BDE6411E21E68 /* CRTimeLineViewController.m */,
				82CDDEFA3CA0C5330CB827CD /* CRTimeLineViewController.h */,
				89F931B21A56CF8E009CD6E9 /* TimeLineBaseCell.xib */,
				82CDDA234DF4C1B51066967A /* CRTimeLineBaseCell.m */,
				82CDD79998B5BA4F1BA4DA11 /* CRTimeLineBaseCell.h */,
				89A914971A5950A400353993 /* TimeLineSpreadCell.xib */,
				82CDD4BA60D8B7B26D04B4BF /* CRTimeLineSpreadCell.m */,
				82CDD99DB9FB2C2D249CBD57 /* CRTimeLineSpreadCell.h */,
				89A914991A59BD8A00353993 /* LoadingCell.xib */,
				82CDD816A1053D69C511AB64 /* CRLoadingCell.m */,
				82CDD2E5D4AA55BCD1C5E6F6 /* CRLoadingCell.h */,
				89A9149B1A5D792600353993 /* TimeLineImageCell.xib */,
				82CDDDD7C345CBE3A79CE2A8 /* CRTimeLineImageCell.m */,
				82CDD454E9D2A5A041AC7D23 /* CRTimeLineImageCell.h */,
				89A9149D1A5D825F00353993 /* TimeLineImageSpreadCell.xib */,
				82CDD3CC95EFD4E0283CE034 /* CRTimeLineImageSpreadCell.m */,
				82CDD99EAAEAF7D82B70899B /* CRTimeLineImageSpreadCell.h */,
				89CC2AD21A5E50C900D1B266 /* TimeLineReplyBaseCell.xib */,
				89CC2AD41A5E520E00D1B266 /* TimeLineReplyImageCell.xib */,
				82CDD65CBC3D0FA65FD7FB23 /* CRTimeLineController.m */,
				82CDD1161E0D2573A6C031DF /* CRTimeLineController.h */,
				89CC2AD61A5E767C00D1B266 /* TimeLineController.xib */,
				82CDD05A7E671C8269F7DACD /* CRTimeLineBaseViewController.m */,
				82CDDFAA2AC71717678A7AEF /* CRTimeLineBaseViewController.h */,
				89A9149F1A62B90400353993 /* StatusUpdateView.xib */,
				82CDD6DAA6BD17FB6E03E254 /* CRStatusUpdateViewController.m */,
				82CDD12EC63D99BBE169885B /* CRStatusUpdateViewController.h */,
				89A914A11A63CDC800353993 /* StatusUpdateView4s.xib */,
				89CB2FB91A63F35E0066F0CF /* StatusDetailView.xib */,
				82CDDECC9BC401CB4AE96494 /* CRStatusDetailViewController.m */,
				82CDDF0348C83A1D8BF55AC8 /* CRStatusDetailViewController.h */,
				82CDD3AD81E4EB6C24E5E6D4 /* CRHomeTimeLineViewController.m */,
				82CDDC6FDF675DAEC8EF5965 /* CRHomeTimeLineViewController.h */,
				82CDD218D98E2FE19FBA28F0 /* CRMentionTimeLineViewController.m */,
				82CDD9D3D7AEA0087C85BA18 /* CRMentionTimeLineViewController.h */,
				82CDD00BEE0A2A0D7A5701FC /* CRPageViewController.m */,
				82CDD6BE66AABBB434042E67 /* CRPageViewController.h */,
				8983A4681A655DEE00607BEC /* ProfileView.xib */,
				82CDDFA909F8FC430E802133 /* CRProfileViewController.m */,
				82CDD66165948E06A25CBC28 /* CRProfileViewController.h */,
				897BC4831A68264B00964A68 /* StatusUpdateView5.xib */,
				89CB99421A6A8F53009AD3B9 /* AdsTimeLineBaseCell.xib */,
				82CDDB9C6FB4762A045FC8FD /* CRAdsTimeLineBaseCell.m */,
				82CDD73E88DFEAA827A351F3 /* CRAdsTimeLineBaseCell.h */,
				82CDDA7813CA771B8CF26081 /* CRFavouriteTimeLineViewController.m */,
				82CDD9F27EF7C4E0A9EFB123 /* CRFavouriteTimeLineViewController.h */,
			);
			path = TimeLine;
			sourceTree = "<group>";
		};
		82CDD4C9267E633C53646153 /* Config */ = {
			isa = PBXGroup;
			children = (
				82CDD4436135A4E5323EDCF0 /* CRConfigViewController.m */,
				82CDDE55A1C8247E59D8F8C8 /* CRConfigViewController.h */,
				82CDD4B5E019F97A9C6E0907 /* CRLicenseViewController.m */,
				82CDDF15D930154FEA1B2412 /* CRLicenseViewController.h */,
			);
			path = Config;
			sourceTree = "<group>";
		};
		82CDDC5A394FFE688BABB184 /* Services */ = {
			isa = PBXGroup;
			children = (
				82CDDF31E57138AAC5C0E7CE /* CRTimeLineService.m */,
				82CDDE93A9E23681D030A97C /* CRTimeLineService.h */,
				82CDDF0B4983CAD0E016EFD9 /* CRUserInfoService.m */,
				82CDD1957C496D9F167794BA /* CRUserInfoService.h */,
				82CDD700E7B1287349779C91 /* CRService.m */,
				82CDD1B7E4B051D66EA2B358 /* CRService.h */,
				82CDD3C95B9C9E22F930A06C /* CRStatusService.m */,
				82CDDEE3198A8FEBE5832891 /* CRStatusService.h */,
				82CDDE0F897B87A3725EBA43 /* CRHomeTimeLineService.m */,
				82CDDCB32558E2F3F6F667A1 /* CRHomeTimeLineService.h */,
				82CDDC6CB2EF35D142CCF081 /* CRMentionTimeLineService.m */,
				82CDDB29C09EC38BB26DB46C /* CRMentionTimeLineService.h */,
				82CDD537474FA78C9846EF39 /* CRProfileService.m */,
				82CDD3DA95C997F0D78DBB61 /* CRProfileService.h */,
				82CDDEC8998049C3B80A660E /* CRFavoriteTimeLineService.m */,
				82CDDE645410145EA5C19A09 /* CRFavoriteTimeLineService.h */,
			);
			path = Services;
			sourceTree = "<group>";
		};
		89DE9E1C1A4A558800654D3E /* API */ = {
			isa = PBXGroup;
			children = (
				89DE9E1D1A4A558800654D3E /* CRAPIRequest.h */,
				89DE9E1E1A4A558800654D3E /* CRAPIRequest.m */,
				89DE9E1F1A4A558800654D3E /* CRFavoritesCreate.h */,
				89DE9E201A4A558800654D3E /* CRFavoritesCreate.m */,
				89DE9E211A4A558800654D3E /* CRFollowersList.h */,
				89DE9E221A4A558800654D3E /* CRFollowersList.m */,
				89DE9E231A4A558800654D3E /* CRFriendShipsCreate.h */,
				89DE9E241A4A558800654D3E /* CRFriendShipsCreate.m */,
				89DE9E251A4A558800654D3E /* CRFriendshipsDestroy.h */,
				89DE9E261A4A558800654D3E /* CRFriendshipsDestroy.m */,
				89DE9E271A4A558800654D3E /* CRFriendsList.h */,
				89DE9E281A4A558800654D3E /* CRFriendsList.m */,
				89DE9E291A4A558800654D3E /* CRHomeTimeLine.h */,
				89DE9E2A1A4A558800654D3E /* CRHomeTimeLine.m */,
				89DE9E2B1A4A558800654D3E /* CRIdShow.h */,
				89DE9E2C1A4A558800654D3E /* CRIdShow.m */,
				89DE9E2D1A4A558800654D3E /* CRMentions.h */,
				89DE9E2E1A4A558800654D3E /* CRMentions.m */,
				89DE9E2F1A4A558800654D3E /* CRPublicTimeLine.h */,
				89DE9E301A4A558800654D3E /* CRPublicTimeLine.m */,
				89DE9E311A4A558800654D3E /* CRSearchVoices.h */,
				89DE9E321A4A558800654D3E /* CRSearchVoices.m */,
				89DE9E331A4A558800654D3E /* CRShow.h */,
				89DE9E341A4A558800654D3E /* CRShow.m */,
				89DE9E351A4A558800654D3E /* CRSpread.h */,
				89DE9E361A4A558800654D3E /* CRSpread.m */,
				89DE9E371A4A558800654D3E /* CRStatusesDestroy.h */,
				89DE9E381A4A558800654D3E /* CRStatusesDestroy.m */,
				89DE9E391A4A558800654D3E /* CRTimeLine.h */,
				89DE9E3A1A4A558800654D3E /* CRTimeLine.m */,
				89DE9E3B1A4A558800654D3E /* CRUpdate.h */,
				89DE9E3C1A4A558800654D3E /* CRUpdate.m */,
				89DE9E3D1A4A558800654D3E /* CRUpdateProfile.h */,
				89DE9E3E1A4A558800654D3E /* CRUpdateProfile.m */,
				89DE9E3F1A4A558800654D3E /* CRUpdateProfileImage.h */,
				89DE9E401A4A558800654D3E /* CRUpdateProfileImage.m */,
				89DE9E411A4A558800654D3E /* CRUpdateWithMedia.h */,
				89DE9E421A4A558800654D3E /* CRUpdateWithMedia.m */,
				89DE9E431A4A558800654D3E /* CRUsersShow.h */,
				89DE9E441A4A558800654D3E /* CRUsersShow.m */,
				89DE9E451A4A558800654D3E /* CRUserTimeLine.h */,
				89DE9E461A4A558800654D3E /* CRUserTimeLine.m */,
				89DE9E471A4A558800654D3E /* CRVerifyCredentials.h */,
				89DE9E481A4A558800654D3E /* CRVerifyCredentials.m */,
				82CDD8C7C12B4276837A3F85 /* CRMutesCreate.m */,
				82CDD363F80AF6457B0DAEF6 /* CRMutesCreate.h */,
				82CDD0440872EE75C05B1687 /* CRMutesDestroy.m */,
				82CDDFC943208ADD696629B6 /* CRMutesDestroy.h */,
				82CDD587DCE7BCD27361F5AB /* CRFavorite.m */,
				82CDD39D3D9BC8D164291584 /* CRFavorite.h */,
				82CDDAB7A5EF90D65BE0F858 /* CRUpdateProtected.m */,
				82CDD96BCF6183199BCB1535 /* CRUpdateProtected.h */,
				82CDD12E7862E595FB5F0D76 /* CRUpdateTimerSec.m */,
				82CDD22DA712180C656B8900 /* CRUpdateTimerSec.h */,
			);
			path = API;
			sourceTree = "<group>";
		};
		89DE9E4B1A4A558800654D3E /* HTTP */ = {
			isa = PBXGroup;
			children = (
				89DE9E4C1A4A558800654D3E /* CRHTTPLoader.h */,
				89DE9E4D1A4A558800654D3E /* CRHTTPLoader.m */,
				89DE9E4E1A4A558800654D3E /* CRHTTPLoaderOperation.h */,
				89DE9E4F1A4A558800654D3E /* CRHTTPLoaderOperation.m */,
				89DE9E501A4A558800654D3E /* NSDictionary+CRURLParams.h */,
				89DE9E511A4A558800654D3E /* NSDictionary+CRURLParams.m */,
			);
			path = HTTP;
			sourceTree = "<group>";
		};
		89DE9E521A4A558800654D3E /* OAuth */ = {
			isa = PBXGroup;
			children = (
				89DE9E531A4A558800654D3E /* CROAuth.h */,
				89DE9E541A4A558800654D3E /* CROAuth.m */,
				89DE9E551A4A558800654D3E /* CROAuthParams.h */,
				89DE9E561A4A558800654D3E /* CROAuthParams.m */,
				8967A8F01A52F25000FDB716 /* OAuth.storyboard */,
			);
			path = OAuth;
			sourceTree = "<group>";
		};
		89FA164E1A47B53B00271FBB = {
			isa = PBXGroup;
			children = (
				89FA16591A47B53B00271FBB /* Crocus */,
				89FA16731A47B53B00271FBB /* CrocusTests */,
				89FA16581A47B53B00271FBB /* Products */,
				8D3CDE7E3E2E8C8BC7F1B974 /* Pods */,
				659AA79F3FEDD277C3EF1DFD /* Frameworks */,
			);
			sourceTree = "<group>";
		};
		89FA16581A47B53B00271FBB /* Products */ = {
			isa = PBXGroup;
			children = (
				89FA16571A47B53B00271FBB /* Crocus.app */,
				89FA16701A47B53B00271FBB /* CrocusTests.xctest */,
			);
			name = Products;
			sourceTree = "<group>";
		};
		89FA16591A47B53B00271FBB /* Crocus */ = {
			isa = PBXGroup;
			children = (
				89FA165E1A47B53B00271FBB /* AppDelegate.h */,
				89FA165F1A47B53B00271FBB /* AppDelegate.m */,
				89FA16611A47B53B00271FBB /* ViewController.h */,
				89FA16621A47B53B00271FBB /* ViewController.m */,
				89FA16641A47B53B00271FBB /* Main.storyboard */,
				89FA16671A47B53B00271FBB /* Images.xcassets */,
				89FA16691A47B53B00271FBB /* LaunchScreen.xib */,
				89FA165A1A47B53B00271FBB /* Supporting Files */,
				82CDD09D464D8BA6B57CC45C /* Croudia */,
				82CDDC5A394FFE688BABB184 /* Services */,
				82CDD251F4B4B6ED1F08FC9D /* Views */,
				82CDD39D7411AE1533AA29DC /* Models */,
			);
			path = Crocus;
			sourceTree = "<group>";
		};
		89FA165A1A47B53B00271FBB /* Supporting Files */ = {
			isa = PBXGroup;
			children = (
				82CDD32CE6B0B933816EA019 /* Localizable.strings */,
				89FA165B1A47B53B00271FBB /* Info.plist */,
				89FA165C1A47B53B00271FBB /* main.m */,
				82CDD7D59DC6E35FAEBD99E3 /* Crocus-PrefixHeader.pch */,
			);
			name = "Supporting Files";
			sourceTree = "<group>";
		};
		89FA16731A47B53B00271FBB /* CrocusTests */ = {
			isa = PBXGroup;
			children = (
				89FA16761A47B53B00271FBB /* CrocusTests.m */,
				89FA16741A47B53B00271FBB /* Supporting Files */,
			);
			path = CrocusTests;
			sourceTree = "<group>";
		};
		89FA16741A47B53B00271FBB /* Supporting Files */ = {
			isa = PBXGroup;
			children = (
				89FA16751A47B53B00271FBB /* Info.plist */,
			);
			name = "Supporting Files";
			sourceTree = "<group>";
		};
		8D3CDE7E3E2E8C8BC7F1B974 /* Pods */ = {
			isa = PBXGroup;
			children = (
				139D21D2F31D4DE4E7D7E029 /* Pods-Crocus.debug.xcconfig */,
				D90AD25C1A39F097F3BAED9B /* Pods-Crocus.release.xcconfig */,
			);
			name = Pods;
			sourceTree = "<group>";
		};
/* End PBXGroup section */

/* Begin PBXNativeTarget section */
		89FA16561A47B53B00271FBB /* Crocus */ = {
			isa = PBXNativeTarget;
			buildConfigurationList = 89FA167A1A47B53B00271FBB /* Build configuration list for PBXNativeTarget "Crocus" */;
			buildPhases = (
				991F12BBDC95DCBC5713D860 /* Check Pods Manifest.lock */,
				89FA16531A47B53B00271FBB /* Sources */,
				89FA16541A47B53B00271FBB /* Frameworks */,
				89FA16551A47B53B00271FBB /* Resources */,
				5CA6B31F609257D4CB3946EB /* Copy Pods Resources */,
				890BCFCC1AB079D10055D96E /* ShellScript */,
			);
			buildRules = (
			);
			dependencies = (
			);
			name = Crocus;
			productName = Crocus;
			productReference = 89FA16571A47B53B00271FBB /* Crocus.app */;
			productType = "com.apple.product-type.application";
		};
		89FA166F1A47B53B00271FBB /* CrocusTests */ = {
			isa = PBXNativeTarget;
			buildConfigurationList = 89FA167D1A47B53B00271FBB /* Build configuration list for PBXNativeTarget "CrocusTests" */;
			buildPhases = (
				89FA166C1A47B53B00271FBB /* Sources */,
				89FA166D1A47B53B00271FBB /* Frameworks */,
				89FA166E1A47B53B00271FBB /* Resources */,
			);
			buildRules = (
			);
			dependencies = (
				89FA16721A47B53B00271FBB /* PBXTargetDependency */,
			);
			name = CrocusTests;
			productName = CrocusTests;
			productReference = 89FA16701A47B53B00271FBB /* CrocusTests.xctest */;
			productType = "com.apple.product-type.bundle.unit-test";
		};
/* End PBXNativeTarget section */

/* Begin PBXProject section */
		89FA164F1A47B53B00271FBB /* Project object */ = {
			isa = PBXProject;
			attributes = {
				LastUpgradeCheck = 0610;
				ORGANIZATIONNAME = happy_ryo;
				TargetAttributes = {
					89FA16561A47B53B00271FBB = {
						CreatedOnToolsVersion = 6.1.1;
						DevelopmentTeam = X9AMR5X2G8;
						SystemCapabilities = {
							com.apple.BackgroundModes = {
								enabled = 0;
							};
							com.apple.InAppPurchase = {
								enabled = 0;
							};
						};
					};
					89FA166F1A47B53B00271FBB = {
						CreatedOnToolsVersion = 6.1.1;
						TestTargetID = 89FA16561A47B53B00271FBB;
					};
				};
			};
			buildConfigurationList = 89FA16521A47B53B00271FBB /* Build configuration list for PBXProject "Crocus" */;
			compatibilityVersion = "Xcode 3.2";
			developmentRegion = English;
			hasScannedForEncodings = 0;
			knownRegions = (
				en,
				Base,
			);
			mainGroup = 89FA164E1A47B53B00271FBB;
			productRefGroup = 89FA16581A47B53B00271FBB /* Products */;
			projectDirPath = "";
			projectRoot = "";
			targets = (
				89FA16561A47B53B00271FBB /* Crocus */,
				89FA166F1A47B53B00271FBB /* CrocusTests */,
			);
		};
/* End PBXProject section */

/* Begin PBXResourcesBuildPhase section */
		89FA16551A47B53B00271FBB /* Resources */ = {
			isa = PBXResourcesBuildPhase;
			buildActionMask = 2147483647;
			files = (
				89FA16661A47B53B00271FBB /* Main.storyboard in Resources */,
				89CC2AD31A5E50C900D1B266 /* TimeLineReplyBaseCell.xib in Resources */,
				89F931B31A56CF8E009CD6E9 /* TimeLineBaseCell.xib in Resources */,
				89CC2AD71A5E767C00D1B266 /* TimeLineController.xib in Resources */,
				89FA166B1A47B53B00271FBB /* LaunchScreen.xib in Resources */,
				89A9149E1A5D825F00353993 /* TimeLineImageSpreadCell.xib in Resources */,
				89A914A21A63CDC900353993 /* StatusUpdateView4s.xib in Resources */,
				897BC4841A68264B00964A68 /* StatusUpdateView5.xib in Resources */,
				89CB2FBA1A63F35E0066F0CF /* StatusDetailView.xib in Resources */,
				8967A8F11A52F25000FDB716 /* OAuth.storyboard in Resources */,
				89A9149C1A5D792600353993 /* TimeLineImageCell.xib in Resources */,
				89FA16681A47B53B00271FBB /* Images.xcassets in Resources */,
				89CB99431A6A8F53009AD3B9 /* AdsTimeLineBaseCell.xib in Resources */,
				82CDDD3D90BCCC5A7501E2EA /* Localizable.strings in Resources */,
				89CC2AD51A5E520E00D1B266 /* TimeLineReplyImageCell.xib in Resources */,
				8924CA3D1B7DD4D7006010BF /* AdobeCreativeSDKCoreResources.bundle in Resources */,
				89A914A01A62B90400353993 /* StatusUpdateView.xib in Resources */,
				89A9149A1A59BD8A00353993 /* LoadingCell.xib in Resources */,
				8983A4691A655DEE00607BEC /* ProfileView.xib in Resources */,
				8924CA3B1B7DD4CB006010BF /* AdobeCreativeSDKImageResources.bundle in Resources */,
				89A914981A5950A400353993 /* TimeLineSpreadCell.xib in Resources */,
			);
			runOnlyForDeploymentPostprocessing = 0;
		};
		89FA166E1A47B53B00271FBB /* Resources */ = {
			isa = PBXResourcesBuildPhase;
			buildActionMask = 2147483647;
			files = (
			);
			runOnlyForDeploymentPostprocessing = 0;
		};
/* End PBXResourcesBuildPhase section */

/* Begin PBXShellScriptBuildPhase section */
		5CA6B31F609257D4CB3946EB /* Copy Pods Resources */ = {
			isa = PBXShellScriptBuildPhase;
			buildActionMask = 2147483647;
			files = (
			);
			inputPaths = (
			);
			name = "Copy Pods Resources";
			outputPaths = (
			);
			runOnlyForDeploymentPostprocessing = 0;
			shellPath = /bin/sh;
			shellScript = "\"${SRCROOT}/Pods/Target Support Files/Pods-Crocus/Pods-Crocus-resources.sh\"\n";
			showEnvVarsInLog = 0;
		};
		890BCFCC1AB079D10055D96E /* ShellScript */ = {
			isa = PBXShellScriptBuildPhase;
			buildActionMask = 2147483647;
			files = (
			);
			inputPaths = (
			);
			outputPaths = (
			);
			runOnlyForDeploymentPostprocessing = 0;
			shellPath = /bin/sh;
			shellScript = "./Fabric.framework/run dedb8ae82a73a7f65468356b49fb24a31d447321 039f08271f914cdd9a7c6f7f950b26825fd1b892d50c6354afd0465bebfc9887";
		};
		991F12BBDC95DCBC5713D860 /* Check Pods Manifest.lock */ = {
			isa = PBXShellScriptBuildPhase;
			buildActionMask = 2147483647;
			files = (
			);
			inputPaths = (
			);
			name = "Check Pods Manifest.lock";
			outputPaths = (
			);
			runOnlyForDeploymentPostprocessing = 0;
			shellPath = /bin/sh;
			shellScript = "diff \"${PODS_ROOT}/../Podfile.lock\" \"${PODS_ROOT}/Manifest.lock\" > /dev/null\nif [[ $? != 0 ]] ; then\n    cat << EOM\nerror: The sandbox is not in sync with the Podfile.lock. Run 'pod install' or update your CocoaPods installation.\nEOM\n    exit 1\nfi\n";
			showEnvVarsInLog = 0;
		};
/* End PBXShellScriptBuildPhase section */

/* Begin PBXSourcesBuildPhase section */
		89FA16531A47B53B00271FBB /* Sources */ = {
			isa = PBXSourcesBuildPhase;
			buildActionMask = 2147483647;
			files = (
				89FA16631A47B53B00271FBB /* ViewController.m in Sources */,
				89DE9E661A4A558800654D3E /* CRUpdate.m in Sources */,
				89DE9E711A4A558800654D3E /* CROAuth.m in Sources */,
				89DE9E571A4A558800654D3E /* CRAPIRequest.m in Sources */,
				89DE9E6D1A4A558800654D3E /* CRMute.m in Sources */,
				89DE9E5D1A4A558800654D3E /* CRHomeTimeLine.m in Sources */,
				89DE9E5E1A4A558800654D3E /* CRIdShow.m in Sources */,
				89A914A51A63ECD900353993 /* CRUIImage+rotation.m in Sources */,
				89DE9E6E1A4A558800654D3E /* CRHTTPLoader.m in Sources */,
				89DE9E671A4A558800654D3E /* CRUpdateProfile.m in Sources */,
				89DE9E6B1A4A558800654D3E /* CRUserTimeLine.m in Sources */,
				89DE9E591A4A558800654D3E /* CRFollowersList.m in Sources */,
				89DE9E641A4A558800654D3E /* CRStatusesDestroy.m in Sources */,
				89FA16601A47B53B00271FBB /* AppDelegate.m in Sources */,
				89DE9E6C1A4A558800654D3E /* CRVerifyCredentials.m in Sources */,
				89DE9E5A1A4A558800654D3E /* CRFriendShipsCreate.m in Sources */,
				89DE9E581A4A558800654D3E /* CRFavoritesCreate.m in Sources */,
				89DE9E701A4A558800654D3E /* NSDictionary+CRURLParams.m in Sources */,
				89DE9E5C1A4A558800654D3E /* CRFriendsList.m in Sources */,
				89DE9E631A4A558800654D3E /* CRSpread.m in Sources */,
				89DE9E621A4A558800654D3E /* CRShow.m in Sources */,
				89DE9E691A4A558800654D3E /* CRUpdateWithMedia.m in Sources */,
				89DE9E681A4A558800654D3E /* CRUpdateProfileImage.m in Sources */,
				89DE9E5F1A4A558800654D3E /* CRMentions.m in Sources */,
				89DE9E651A4A558800654D3E /* CRTimeLine.m in Sources */,
				89DE9E6A1A4A558800654D3E /* CRUsersShow.m in Sources */,
				89DE9E6F1A4A558800654D3E /* CRHTTPLoaderOperation.m in Sources */,
				89FA165D1A47B53B00271FBB /* main.m in Sources */,
				89DE9E611A4A558800654D3E /* CRSearchVoices.m in Sources */,
				89DE9E721A4A558800654D3E /* CROAuthParams.m in Sources */,
				89DE9E5B1A4A558800654D3E /* CRFriendshipsDestroy.m in Sources */,
				89DE9E601A4A558800654D3E /* CRPublicTimeLine.m in Sources */,
				82CDD3C40F45F20FE450929F /* CRTimeLineViewController.m in Sources */,
				82CDD9AB91C06F79CC11CD24 /* CRTimeLineBaseCell.m in Sources */,
				82CDD5429862FC1309951023 /* CRTimeLineService.m in Sources */,
				82CDD195BBC65326778D0134 /* CRStatus.m in Sources */,
				82CDDB04ABB352A406FA7510 /* CRSource.m in Sources */,
				82CDD0483619FDB1FD7E2CBD /* CREntities.m in Sources */,
				82CDDEEA5BC66F3E6D524E81 /* CRUser.m in Sources */,
				82CDD12A370487EA463E0169 /* CRTimeLineSpreadCell.m in Sources */,
				82CDD321CA4F11515B5D7DF1 /* CRLoadingCell.m in Sources */,
				82CDDEB88DD66EED4FCD3DAA /* CRTimeLineImageCell.m in Sources */,
				82CDDAC914DF8CA690F8DFF2 /* CRTimeLineImageSpreadCell.m in Sources */,
				82CDD6A53650F89BF2291FCF /* CRUserInfoService.m in Sources */,
				82CDD5CFF2DF56EAB66D9626 /* CRService.m in Sources */,
				82CDD37B0E0B17915E8D6710 /* CRTimeLineController.m in Sources */,
				82CDD579251223889B8212E4 /* CRTimeLineBaseViewController.m in Sources */,
				82CDDBCA9B2EC60F6A04C12F /* CRStatusService.m in Sources */,
				82CDDB152A0F74F093191B07 /* CRStatusUpdateViewController.m in Sources */,
				82CDD9699A84F1687F9A4A4B /* CRStatusDetailViewController.m in Sources */,
				82CDD6963059C0F60EAE163D /* CRHomeTimeLineService.m in Sources */,
				82CDD85843720012B95D6400 /* CRMentionTimeLineService.m in Sources */,
				82CDDB467A52C713B35F337C /* CRHomeTimeLineViewController.m in Sources */,
				82CDD9439CCC56568C46CED5 /* CRMentionTimeLineViewController.m in Sources */,
				82CDDAEE61972C362A0A7855 /* CRPageViewController.m in Sources */,
				82CDDC5E378E9F7A8F49B663 /* CRProfileViewController.m in Sources */,
				82CDD6BCA78BCD749E976088 /* CRAdsTimeLineBaseCell.m in Sources */,
				82CDD6C726E9F5F1BB7BB802 /* CRProfileService.m in Sources */,
				82CDD4EFA3C3C5B335226C9C /* CRMutesCreate.m in Sources */,
				82CDD8094C313A66C452F365 /* CRMutesDestroy.m in Sources */,
				82CDD617C9A887A316CC77F8 /* CRConfigViewController.m in Sources */,
				82CDD6D7FFDFD335D1B73BF3 /* CRLicenseViewController.m in Sources */,
				82CDDC28F1B51F12687135FC /* CRFavouriteTimeLineViewController.m in Sources */,
				82CDD238F3F4F4817750DED2 /* CRFavorite.m in Sources */,
				82CDD42826C7D4AB39FD1F08 /* CRFavoriteTimeLineService.m in Sources */,
				82CDD3CDCE7D21234B6FE605 /* CRUpdateProtected.m in Sources */,
				82CDDA65A6D413969ACED403 /* CRUpdateTimerSec.m in Sources */,
			);
			runOnlyForDeploymentPostprocessing = 0;
		};
		89FA166C1A47B53B00271FBB /* Sources */ = {
			isa = PBXSourcesBuildPhase;
			buildActionMask = 2147483647;
			files = (
				89FA16771A47B53B00271FBB /* CrocusTests.m in Sources */,
			);
			runOnlyForDeploymentPostprocessing = 0;
		};
/* End PBXSourcesBuildPhase section */

/* Begin PBXTargetDependency section */
		89FA16721A47B53B00271FBB /* PBXTargetDependency */ = {
			isa = PBXTargetDependency;
			target = 89FA16561A47B53B00271FBB /* Crocus */;
			targetProxy = 89FA16711A47B53B00271FBB /* PBXContainerItemProxy */;
		};
/* End PBXTargetDependency section */

/* Begin PBXVariantGroup section */
		89FA16641A47B53B00271FBB /* Main.storyboard */ = {
			isa = PBXVariantGroup;
			children = (
				89FA16651A47B53B00271FBB /* Base */,
			);
			name = Main.storyboard;
			sourceTree = "<group>";
		};
		89FA16691A47B53B00271FBB /* LaunchScreen.xib */ = {
			isa = PBXVariantGroup;
			children = (
				89FA166A1A47B53B00271FBB /* Base */,
			);
			name = LaunchScreen.xib;
			sourceTree = "<group>";
		};
/* End PBXVariantGroup section */

/* Begin XCBuildConfiguration section */
		89FA16781A47B53B00271FBB /* Debug */ = {
			isa = XCBuildConfiguration;
			buildSettings = {
				ALWAYS_SEARCH_USER_PATHS = NO;
				CLANG_CXX_LANGUAGE_STANDARD = "gnu++0x";
				CLANG_CXX_LIBRARY = "libc++";
				CLANG_ENABLE_MODULES = YES;
				CLANG_ENABLE_OBJC_ARC = YES;
				CLANG_WARN_BOOL_CONVERSION = YES;
				CLANG_WARN_CONSTANT_CONVERSION = YES;
				CLANG_WARN_DIRECT_OBJC_ISA_USAGE = YES_ERROR;
				CLANG_WARN_EMPTY_BODY = YES;
				CLANG_WARN_ENUM_CONVERSION = YES;
				CLANG_WARN_INT_CONVERSION = YES;
				CLANG_WARN_OBJC_ROOT_CLASS = YES_ERROR;
				CLANG_WARN_UNREACHABLE_CODE = YES;
				CLANG_WARN__DUPLICATE_METHOD_MATCH = YES;
				"CODE_SIGN_IDENTITY[sdk=iphoneos*]" = "iPhone Developer";
				COPY_PHASE_STRIP = NO;
				ENABLE_STRICT_OBJC_MSGSEND = YES;
				GCC_C_LANGUAGE_STANDARD = gnu99;
				GCC_DYNAMIC_NO_PIC = NO;
				GCC_OPTIMIZATION_LEVEL = 0;
				GCC_PREPROCESSOR_DEFINITIONS = (
					"DEBUG=1",
					"$(inherited)",
				);
				GCC_SYMBOLS_PRIVATE_EXTERN = NO;
				GCC_WARN_64_TO_32_BIT_CONVERSION = YES;
				GCC_WARN_ABOUT_RETURN_TYPE = YES_ERROR;
				GCC_WARN_UNDECLARED_SELECTOR = YES;
				GCC_WARN_UNINITIALIZED_AUTOS = YES_AGGRESSIVE;
				GCC_WARN_UNUSED_FUNCTION = YES;
				GCC_WARN_UNUSED_VARIABLE = YES;
				IPHONEOS_DEPLOYMENT_TARGET = 8.1;
				MTL_ENABLE_DEBUG_INFO = YES;
				ONLY_ACTIVE_ARCH = YES;
				SDKROOT = iphoneos;
			};
			name = Debug;
		};
		89FA16791A47B53B00271FBB /* Release */ = {
			isa = XCBuildConfiguration;
			buildSettings = {
				ALWAYS_SEARCH_USER_PATHS = NO;
				CLANG_CXX_LANGUAGE_STANDARD = "gnu++0x";
				CLANG_CXX_LIBRARY = "libc++";
				CLANG_ENABLE_MODULES = YES;
				CLANG_ENABLE_OBJC_ARC = YES;
				CLANG_WARN_BOOL_CONVERSION = YES;
				CLANG_WARN_CONSTANT_CONVERSION = YES;
				CLANG_WARN_DIRECT_OBJC_ISA_USAGE = YES_ERROR;
				CLANG_WARN_EMPTY_BODY = YES;
				CLANG_WARN_ENUM_CONVERSION = YES;
				CLANG_WARN_INT_CONVERSION = YES;
				CLANG_WARN_OBJC_ROOT_CLASS = YES_ERROR;
				CLANG_WARN_UNREACHABLE_CODE = YES;
				CLANG_WARN__DUPLICATE_METHOD_MATCH = YES;
				"CODE_SIGN_IDENTITY[sdk=iphoneos*]" = "iPhone Developer";
				COPY_PHASE_STRIP = YES;
				ENABLE_NS_ASSERTIONS = NO;
				ENABLE_STRICT_OBJC_MSGSEND = YES;
				GCC_C_LANGUAGE_STANDARD = gnu99;
				GCC_WARN_64_TO_32_BIT_CONVERSION = YES;
				GCC_WARN_ABOUT_RETURN_TYPE = YES_ERROR;
				GCC_WARN_UNDECLARED_SELECTOR = YES;
				GCC_WARN_UNINITIALIZED_AUTOS = YES_AGGRESSIVE;
				GCC_WARN_UNUSED_FUNCTION = YES;
				GCC_WARN_UNUSED_VARIABLE = YES;
				IPHONEOS_DEPLOYMENT_TARGET = 8.1;
				MTL_ENABLE_DEBUG_INFO = NO;
				SDKROOT = iphoneos;
				VALIDATE_PRODUCT = YES;
			};
			name = Release;
		};
		89FA167B1A47B53B00271FBB /* Debug */ = {
			isa = XCBuildConfiguration;
			baseConfigurationReference = 139D21D2F31D4DE4E7D7E029 /* Pods-Crocus.debug.xcconfig */;
			buildSettings = {
				ARCHS = "$(ARCHS_STANDARD)";
				ASSETCATALOG_COMPILER_APPICON_NAME = AppIcon;
				ASSETCATALOG_COMPILER_LAUNCHIMAGE_NAME = LaunchImage;
				CODE_SIGN_IDENTITY = "iPhone Developer";
				"CODE_SIGN_IDENTITY[sdk=iphoneos*]" = "iPhone Developer";
				CODE_SIGN_RESOURCE_RULES_PATH = "$(SDKROOT)/ResourceRules.plist";
				ENABLE_BITCODE = NO;
				FRAMEWORK_SEARCH_PATHS = (
					"$(inherited)",
					"$(PROJECT_DIR)",
				);
				GCC_PREFIX_HEADER = "Crocus/Crocus-PrefixHeader.pch";
				INFOPLIST_FILE = Crocus/Info.plist;
				IPHONEOS_DEPLOYMENT_TARGET = 8.0;
				LD_RUNPATH_SEARCH_PATHS = "$(inherited) @executable_path/Frameworks";
				LIBRARY_SEARCH_PATHS = "$(inherited)";
				OTHER_LDFLAGS = (
					"-ObjC",
					"-framework",
					"\"CoreGraphics\"",
					"-framework",
					"\"ImageIO\"",
					"-all_load",
					"$(inherited)",
				);
				OTHER_LIBTOOLFLAGS = "$(inherited)";
				PRODUCT_NAME = "$(TARGET_NAME)";
				PROVISIONING_PROFILE = "";
				USER_HEADER_SEARCH_PATHS = "\"${PROJECT_DIR}/Pods\"/**";
				VALID_ARCHS = "armv7 armv7s arm64";
			};
			name = Debug;
		};
		89FA167C1A47B53B00271FBB /* Release */ = {
			isa = XCBuildConfiguration;
			baseConfigurationReference = D90AD25C1A39F097F3BAED9B /* Pods-Crocus.release.xcconfig */;
			buildSettings = {
				ARCHS = "$(ARCHS_STANDARD)";
				ASSETCATALOG_COMPILER_APPICON_NAME = AppIcon;
				ASSETCATALOG_COMPILER_LAUNCHIMAGE_NAME = LaunchImage;
				CODE_SIGN_IDENTITY = "iPhone Developer";
				"CODE_SIGN_IDENTITY[sdk=iphoneos*]" = "iPhone Developer";
				CODE_SIGN_RESOURCE_RULES_PATH = "$(SDKROOT)/ResourceRules.plist";
				ENABLE_BITCODE = NO;
				FRAMEWORK_SEARCH_PATHS = (
					"$(inherited)",
					"$(PROJECT_DIR)",
				);
				GCC_PREFIX_HEADER = "Crocus/Crocus-PrefixHeader.pch";
				INFOPLIST_FILE = Crocus/Info.plist;
				IPHONEOS_DEPLOYMENT_TARGET = 8.0;
				LD_RUNPATH_SEARCH_PATHS = "$(inherited) @executable_path/Frameworks";
				LIBRARY_SEARCH_PATHS = "$(inherited)";
				OTHER_LDFLAGS = (
					"-ObjC",
					"-framework",
					"\"CoreGraphics\"",
					"-framework",
					"\"ImageIO\"",
					"-all_load",
					"$(inherited)",
				);
				OTHER_LIBTOOLFLAGS = "$(inherited)";
				PRODUCT_NAME = "$(TARGET_NAME)";
				PROVISIONING_PROFILE = "";
				USER_HEADER_SEARCH_PATHS = "\"${PROJECT_DIR}/Pods\"/**";
				VALID_ARCHS = "armv7 armv7s arm64";
			};
			name = Release;
		};
		89FA167E1A47B53B00271FBB /* Debug */ = {
			isa = XCBuildConfiguration;
			buildSettings = {
				BUNDLE_LOADER = "$(TEST_HOST)";
				FRAMEWORK_SEARCH_PATHS = (
					"$(SDKROOT)/Developer/Library/Frameworks",
					"$(inherited)",
				);
				GCC_PREPROCESSOR_DEFINITIONS = (
					"DEBUG=1",
					"$(inherited)",
				);
				INFOPLIST_FILE = CrocusTests/Info.plist;
				LD_RUNPATH_SEARCH_PATHS = "$(inherited) @executable_path/Frameworks @loader_path/Frameworks";
				PRODUCT_NAME = "$(TARGET_NAME)";
				TEST_HOST = "$(BUILT_PRODUCTS_DIR)/Crocus.app/Crocus";
			};
			name = Debug;
		};
		89FA167F1A47B53B00271FBB /* Release */ = {
			isa = XCBuildConfiguration;
			buildSettings = {
				BUNDLE_LOADER = "$(TEST_HOST)";
				FRAMEWORK_SEARCH_PATHS = (
					"$(SDKROOT)/Developer/Library/Frameworks",
					"$(inherited)",
				);
				INFOPLIST_FILE = CrocusTests/Info.plist;
				LD_RUNPATH_SEARCH_PATHS = "$(inherited) @executable_path/Frameworks @loader_path/Frameworks";
				PRODUCT_NAME = "$(TARGET_NAME)";
				TEST_HOST = "$(BUILT_PRODUCTS_DIR)/Crocus.app/Crocus";
			};
			name = Release;
		};
/* End XCBuildConfiguration section */

/* Begin XCConfigurationList section */
		89FA16521A47B53B00271FBB /* Build configuration list for PBXProject "Crocus" */ = {
			isa = XCConfigurationList;
			buildConfigurations = (
				89FA16781A47B53B00271FBB /* Debug */,
				89FA16791A47B53B00271FBB /* Release */,
			);
			defaultConfigurationIsVisible = 0;
			defaultConfigurationName = Release;
		};
		89FA167A1A47B53B00271FBB /* Build configuration list for PBXNativeTarget "Crocus" */ = {
			isa = XCConfigurationList;
			buildConfigurations = (
				89FA167B1A47B53B00271FBB /* Debug */,
				89FA167C1A47B53B00271FBB /* Release */,
			);
			defaultConfigurationIsVisible = 0;
			defaultConfigurationName = Release;
		};
		89FA167D1A47B53B00271FBB /* Build configuration list for PBXNativeTarget "CrocusTests" */ = {
			isa = XCConfigurationList;
			buildConfigurations = (
				89FA167E1A47B53B00271FBB /* Debug */,
				89FA167F1A47B53B00271FBB /* Release */,
			);
			defaultConfigurationIsVisible = 0;
			defaultConfigurationName = Release;
		};
/* End XCConfigurationList section */
	};
	rootObject = 89FA164F1A47B53B00271FBB /* Project object */;
}
